// !$*UTF8*$!
{
	archiveVersion = 1;
	classes = {
	};
	objectVersion = 46;
	objects = {

/* Begin PBXBuildFile section */
		4E1B59C51EE575C6002F3D1A /* DoubleExtensionsTests.swift in Sources */ = {isa = PBXBuildFile; fileRef = 4E1B59C41EE575C6002F3D1A /* DoubleExtensionsTests.swift */; };
		4E1B59C61EE575C6002F3D1A /* DoubleExtensionsTests.swift in Sources */ = {isa = PBXBuildFile; fileRef = 4E1B59C41EE575C6002F3D1A /* DoubleExtensionsTests.swift */; };
		4E1B59C71EE575C6002F3D1A /* DoubleExtensionsTests.swift in Sources */ = {isa = PBXBuildFile; fileRef = 4E1B59C41EE575C6002F3D1A /* DoubleExtensionsTests.swift */; };
		4E1B59C91EE57F48002F3D1A /* FloatExtensionsTests.swift in Sources */ = {isa = PBXBuildFile; fileRef = 4E1B59C81EE57F48002F3D1A /* FloatExtensionsTests.swift */; };
		4E1B59CA1EE57F48002F3D1A /* FloatExtensionsTests.swift in Sources */ = {isa = PBXBuildFile; fileRef = 4E1B59C81EE57F48002F3D1A /* FloatExtensionsTests.swift */; };
		4E1B59CB1EE57F48002F3D1A /* FloatExtensionsTests.swift in Sources */ = {isa = PBXBuildFile; fileRef = 4E1B59C81EE57F48002F3D1A /* FloatExtensionsTests.swift */; };
		4E1B59CD1EE580E4002F3D1A /* IntExtensionsTests.swift in Sources */ = {isa = PBXBuildFile; fileRef = 4E1B59CC1EE580E4002F3D1A /* IntExtensionsTests.swift */; };
		4E1B59CE1EE580E4002F3D1A /* IntExtensionsTests.swift in Sources */ = {isa = PBXBuildFile; fileRef = 4E1B59CC1EE580E4002F3D1A /* IntExtensionsTests.swift */; };
		4E1B59CF1EE580E4002F3D1A /* IntExtensionsTests.swift in Sources */ = {isa = PBXBuildFile; fileRef = 4E1B59CC1EE580E4002F3D1A /* IntExtensionsTests.swift */; };
		4E1B59D41EE585ED002F3D1A /* CGFloatExtensionsTests.swift in Sources */ = {isa = PBXBuildFile; fileRef = 4E1B59D01EE58453002F3D1A /* CGFloatExtensionsTests.swift */; };
		4E1B59D51EE585F8002F3D1A /* CGFloatExtensionsTests.swift in Sources */ = {isa = PBXBuildFile; fileRef = 4E1B59D01EE58453002F3D1A /* CGFloatExtensionsTests.swift */; };
		4E1B59D61EE585FE002F3D1A /* CGFloatExtensionsTests.swift in Sources */ = {isa = PBXBuildFile; fileRef = 4E1B59D01EE58453002F3D1A /* CGFloatExtensionsTests.swift */; };
		4E3887831EDD85CE007502E0 /* ArrayExtensionsTest.swift in Sources */ = {isa = PBXBuildFile; fileRef = 4E3887811EDD85C4007502E0 /* ArrayExtensionsTest.swift */; };
		4E3887841EDD85D0007502E0 /* ArrayExtensionsTest.swift in Sources */ = {isa = PBXBuildFile; fileRef = 4E3887811EDD85C4007502E0 /* ArrayExtensionsTest.swift */; };
		4E3887851EDD85D3007502E0 /* ArrayExtensionsTest.swift in Sources */ = {isa = PBXBuildFile; fileRef = 4E3887811EDD85C4007502E0 /* ArrayExtensionsTest.swift */; };
		4E3887871EDD9BE3007502E0 /* DictionaryExtensionsTest.swift in Sources */ = {isa = PBXBuildFile; fileRef = 4E3887861EDD9BE3007502E0 /* DictionaryExtensionsTest.swift */; };
		4E3887881EDD9BE3007502E0 /* DictionaryExtensionsTest.swift in Sources */ = {isa = PBXBuildFile; fileRef = 4E3887861EDD9BE3007502E0 /* DictionaryExtensionsTest.swift */; };
		4E3887891EDD9BE3007502E0 /* DictionaryExtensionsTest.swift in Sources */ = {isa = PBXBuildFile; fileRef = 4E3887861EDD9BE3007502E0 /* DictionaryExtensionsTest.swift */; };
		4E38878B1EDDABDF007502E0 /* NotificationCenterExtensionsTest.swift in Sources */ = {isa = PBXBuildFile; fileRef = 4E38878A1EDDABDF007502E0 /* NotificationCenterExtensionsTest.swift */; };
		4E38878C1EDDABDF007502E0 /* NotificationCenterExtensionsTest.swift in Sources */ = {isa = PBXBuildFile; fileRef = 4E38878A1EDDABDF007502E0 /* NotificationCenterExtensionsTest.swift */; };
		4E38878D1EDDABDF007502E0 /* NotificationCenterExtensionsTest.swift in Sources */ = {isa = PBXBuildFile; fileRef = 4E38878A1EDDABDF007502E0 /* NotificationCenterExtensionsTest.swift */; };
		4E38878F1EDDB82E007502E0 /* NumberExtensionsTest.swift in Sources */ = {isa = PBXBuildFile; fileRef = 4E38878E1EDDB82E007502E0 /* NumberExtensionsTest.swift */; };
		4E3887901EDDB82E007502E0 /* NumberExtensionsTest.swift in Sources */ = {isa = PBXBuildFile; fileRef = 4E38878E1EDDB82E007502E0 /* NumberExtensionsTest.swift */; };
		4E3887911EDDB82E007502E0 /* NumberExtensionsTest.swift in Sources */ = {isa = PBXBuildFile; fileRef = 4E38878E1EDDB82E007502E0 /* NumberExtensionsTest.swift */; };
		4E3887931EDDBB05007502E0 /* OperationQueueExtensionsTest.swift in Sources */ = {isa = PBXBuildFile; fileRef = 4E3887921EDDBB05007502E0 /* OperationQueueExtensionsTest.swift */; };
		4E3887941EDDBB05007502E0 /* OperationQueueExtensionsTest.swift in Sources */ = {isa = PBXBuildFile; fileRef = 4E3887921EDDBB05007502E0 /* OperationQueueExtensionsTest.swift */; };
		4E3887951EDDBB05007502E0 /* OperationQueueExtensionsTest.swift in Sources */ = {isa = PBXBuildFile; fileRef = 4E3887921EDDBB05007502E0 /* OperationQueueExtensionsTest.swift */; };
		4E3887971EDDD5C1007502E0 /* StringExtensionsTest.swift in Sources */ = {isa = PBXBuildFile; fileRef = 4E3887961EDDD5C1007502E0 /* StringExtensionsTest.swift */; };
		4E3887981EDDD5C1007502E0 /* StringExtensionsTest.swift in Sources */ = {isa = PBXBuildFile; fileRef = 4E3887961EDDD5C1007502E0 /* StringExtensionsTest.swift */; };
		4E3887991EDDD5C1007502E0 /* StringExtensionsTest.swift in Sources */ = {isa = PBXBuildFile; fileRef = 4E3887961EDDD5C1007502E0 /* StringExtensionsTest.swift */; };
		4E9046871EE1A76000B950D5 /* CGRectExtensionsTests.swift in Sources */ = {isa = PBXBuildFile; fileRef = 4E0642311EE16FBC001B9784 /* CGRectExtensionsTests.swift */; };
		4E9307E81ED6E84E0039510B /* MYUtils.framework in Frameworks */ = {isa = PBXBuildFile; fileRef = 4E9305491ED461CB0039510B /* MYUtils.framework */; };
		4E9308031ED6E8760039510B /* MYUtils.framework in Frameworks */ = {isa = PBXBuildFile; fileRef = 4E9305651ED461F80039510B /* MYUtils.framework */; };
		4E9308C51ED712AF0039510B /* CacheTest.swift in Sources */ = {isa = PBXBuildFile; fileRef = 4E93079C1ED62BC10039510B /* CacheTest.swift */; };
		4E9308C61ED712B50039510B /* CacheTest.swift in Sources */ = {isa = PBXBuildFile; fileRef = 4E93079C1ED62BC10039510B /* CacheTest.swift */; };
		4E9308C71ED712B80039510B /* CacheTest.swift in Sources */ = {isa = PBXBuildFile; fileRef = 4E93079C1ED62BC10039510B /* CacheTest.swift */; };
		4E9308C91ED730FE0039510B /* ResultTest.swift in Sources */ = {isa = PBXBuildFile; fileRef = 4E9308C81ED730FE0039510B /* ResultTest.swift */; };
		4E9308CA1ED730FE0039510B /* ResultTest.swift in Sources */ = {isa = PBXBuildFile; fileRef = 4E9308C81ED730FE0039510B /* ResultTest.swift */; };
		4E9308CB1ED730FE0039510B /* ResultTest.swift in Sources */ = {isa = PBXBuildFile; fileRef = 4E9308C81ED730FE0039510B /* ResultTest.swift */; };
		4EADD6051F13D13E00F7BCAB /* Cache.swift in Sources */ = {isa = PBXBuildFile; fileRef = 4EADD5D51F13D13E00F7BCAB /* Cache.swift */; };
		4EADD6061F13D13E00F7BCAB /* Result.swift in Sources */ = {isa = PBXBuildFile; fileRef = 4EADD5D61F13D13E00F7BCAB /* Result.swift */; };
		4EADD6071F13D13E00F7BCAB /* Array+Extensions.swift in Sources */ = {isa = PBXBuildFile; fileRef = 4EADD5D81F13D13E00F7BCAB /* Array+Extensions.swift */; };
		4EADD6081F13D13E00F7BCAB /* Dictionary+Extensions.swift in Sources */ = {isa = PBXBuildFile; fileRef = 4EADD5D91F13D13E00F7BCAB /* Dictionary+Extensions.swift */; };
		4EADD6091F13D13E00F7BCAB /* Double+Extensions.swift in Sources */ = {isa = PBXBuildFile; fileRef = 4EADD5DA1F13D13E00F7BCAB /* Double+Extensions.swift */; };
		4EADD60A1F13D13E00F7BCAB /* Float+Extensions.swift in Sources */ = {isa = PBXBuildFile; fileRef = 4EADD5DB1F13D13E00F7BCAB /* Float+Extensions.swift */; };
		4EADD60B1F13D13E00F7BCAB /* Int+Extensions.swift in Sources */ = {isa = PBXBuildFile; fileRef = 4EADD5DC1F13D13E00F7BCAB /* Int+Extensions.swift */; };
		4EADD60C1F13D13E00F7BCAB /* NotificationCenter+Extensions.swift in Sources */ = {isa = PBXBuildFile; fileRef = 4EADD5DD1F13D13E00F7BCAB /* NotificationCenter+Extensions.swift */; };
		4EADD60D1F13D13E00F7BCAB /* NSNumber+Extensions.swift in Sources */ = {isa = PBXBuildFile; fileRef = 4EADD5DE1F13D13E00F7BCAB /* NSNumber+Extensions.swift */; };
		4EADD60E1F13D13E00F7BCAB /* OperationQueue+Extensions.swift in Sources */ = {isa = PBXBuildFile; fileRef = 4EADD5DF1F13D13E00F7BCAB /* OperationQueue+Extensions.swift */; };
		4EADD60F1F13D13E00F7BCAB /* String+Extensions.swift in Sources */ = {isa = PBXBuildFile; fileRef = 4EADD5E01F13D13E00F7BCAB /* String+Extensions.swift */; };
		4EADD6101F13D13E00F7BCAB /* Timer+Extensions.swift in Sources */ = {isa = PBXBuildFile; fileRef = 4EADD5E11F13D13E00F7BCAB /* Timer+Extensions.swift */; };
		4EADD6111F13D13E00F7BCAB /* UserDefaults+Extensions.swift in Sources */ = {isa = PBXBuildFile; fileRef = 4EADD5E21F13D13E00F7BCAB /* UserDefaults+Extensions.swift */; };
		4EADD6121F13D13E00F7BCAB /* MYUtils.h in Headers */ = {isa = PBXBuildFile; fileRef = 4EADD5E31F13D13E00F7BCAB /* MYUtils.h */; settings = {ATTRIBUTES = (Public, ); }; };
		4EADD6171F13D13E00F7BCAB /* DismissStoryboardSegue.swift in Sources */ = {isa = PBXBuildFile; fileRef = 4EADD5EC1F13D13E00F7BCAB /* DismissStoryboardSegue.swift */; };
		4EADD6181F13D13E00F7BCAB /* HideStoryboardSegue.swift in Sources */ = {isa = PBXBuildFile; fileRef = 4EADD5ED1F13D13E00F7BCAB /* HideStoryboardSegue.swift */; };
		4EADD6191F13D13E00F7BCAB /* PopStoryboardSegue.swift in Sources */ = {isa = PBXBuildFile; fileRef = 4EADD5EE1F13D13E00F7BCAB /* PopStoryboardSegue.swift */; };
		4EADD61A1F13D13E00F7BCAB /* ShowStoryboardSegue.swift in Sources */ = {isa = PBXBuildFile; fileRef = 4EADD5EF1F13D13E00F7BCAB /* ShowStoryboardSegue.swift */; };
		4EADD61B1F13D13E00F7BCAB /* StoryboardSegueTypes.swift in Sources */ = {isa = PBXBuildFile; fileRef = 4EADD5F01F13D13E00F7BCAB /* StoryboardSegueTypes.swift */; };
		4EADD61C1F13D13E00F7BCAB /* CGFloat+Extensions.swift in Sources */ = {isa = PBXBuildFile; fileRef = 4EADD5F31F13D13E00F7BCAB /* CGFloat+Extensions.swift */; };
		4EADD61D1F13D13E00F7BCAB /* CGRect+Extensions.swift in Sources */ = {isa = PBXBuildFile; fileRef = 4EADD5F41F13D13E00F7BCAB /* CGRect+Extensions.swift */; };
		4EADD61E1F13D13E00F7BCAB /* Image+Extensions.swift in Sources */ = {isa = PBXBuildFile; fileRef = 4EADD5F61F13D13E00F7BCAB /* Image+Extensions.swift */; };
		4EADD61F1F13D13E00F7BCAB /* ImageTypes.swift in Sources */ = {isa = PBXBuildFile; fileRef = 4EADD5F71F13D13E00F7BCAB /* ImageTypes.swift */; };
		4EADD6201F13D13E00F7BCAB /* ImageView+Extensions.swift in Sources */ = {isa = PBXBuildFile; fileRef = 4EADD5F81F13D13E00F7BCAB /* ImageView+Extensions.swift */; };
		4EADD6211F13D13E00F7BCAB /* CollectionView+Extensions.swift in Sources */ = {isa = PBXBuildFile; fileRef = 4EADD5FA1F13D13E00F7BCAB /* CollectionView+Extensions.swift */; };
		4EADD6221F13D13E00F7BCAB /* ScrollView+Extensions.swift in Sources */ = {isa = PBXBuildFile; fileRef = 4EADD5FB1F13D13E00F7BCAB /* ScrollView+Extensions.swift */; };
		4EADD6231F13D13E00F7BCAB /* TableView+Extensions.swift in Sources */ = {isa = PBXBuildFile; fileRef = 4EADD5FC1F13D13E00F7BCAB /* TableView+Extensions.swift */; };
		4EADD6241F13D13E00F7BCAB /* View+Extensions.swift in Sources */ = {isa = PBXBuildFile; fileRef = 4EADD5FD1F13D13E00F7BCAB /* View+Extensions.swift */; };
		4EADD6251F13D13E00F7BCAB /* ViewTypes.swift in Sources */ = {isa = PBXBuildFile; fileRef = 4EADD5FE1F13D13E00F7BCAB /* ViewTypes.swift */; };
		4EADD6261F13D13E00F7BCAB /* ActivityViewController+Extensions.swift in Sources */ = {isa = PBXBuildFile; fileRef = 4EADD6001F13D13E00F7BCAB /* ActivityViewController+Extensions.swift */; };
		4EADD6271F13D13E00F7BCAB /* Alert+Extensions.swift in Sources */ = {isa = PBXBuildFile; fileRef = 4EADD6011F13D13E00F7BCAB /* Alert+Extensions.swift */; };
		4EADD6281F13D13E00F7BCAB /* NavigationController+Extensions.swift in Sources */ = {isa = PBXBuildFile; fileRef = 4EADD6021F13D13E00F7BCAB /* NavigationController+Extensions.swift */; };
		4EADD6291F13D13E00F7BCAB /* ViewController+Extensions.swift in Sources */ = {isa = PBXBuildFile; fileRef = 4EADD6031F13D13E00F7BCAB /* ViewController+Extensions.swift */; };
		4EADD62A1F13D13E00F7BCAB /* ViewControllerTypes.swift in Sources */ = {isa = PBXBuildFile; fileRef = 4EADD6041F13D13E00F7BCAB /* ViewControllerTypes.swift */; };
		4EADD62B1F13E27900F7BCAB /* MYUtils.h in Headers */ = {isa = PBXBuildFile; fileRef = 4EADD5E31F13D13E00F7BCAB /* MYUtils.h */; settings = {ATTRIBUTES = (Public, ); }; };
		4EADD62C1F13E27F00F7BCAB /* MYUtils.h in Headers */ = {isa = PBXBuildFile; fileRef = 4EADD5E31F13D13E00F7BCAB /* MYUtils.h */; settings = {ATTRIBUTES = (Public, ); }; };
		4EADD62D1F13E28500F7BCAB /* MYUtils.h in Headers */ = {isa = PBXBuildFile; fileRef = 4EADD5E31F13D13E00F7BCAB /* MYUtils.h */; settings = {ATTRIBUTES = (Public, ); }; };
		4EADD62E1F13FB4500F7BCAB /* DismissStoryboardSegue.swift in Sources */ = {isa = PBXBuildFile; fileRef = 4EADD5EC1F13D13E00F7BCAB /* DismissStoryboardSegue.swift */; };
		4EADD62F1F13FB4500F7BCAB /* HideStoryboardSegue.swift in Sources */ = {isa = PBXBuildFile; fileRef = 4EADD5ED1F13D13E00F7BCAB /* HideStoryboardSegue.swift */; };
		4EADD6301F13FB4500F7BCAB /* ShowStoryboardSegue.swift in Sources */ = {isa = PBXBuildFile; fileRef = 4EADD5EF1F13D13E00F7BCAB /* ShowStoryboardSegue.swift */; };
		4EADD6311F13FB4500F7BCAB /* StoryboardSegueTypes.swift in Sources */ = {isa = PBXBuildFile; fileRef = 4EADD5F01F13D13E00F7BCAB /* StoryboardSegueTypes.swift */; };
		4EADD6321F13FB4500F7BCAB /* CGFloat+Extensions.swift in Sources */ = {isa = PBXBuildFile; fileRef = 4EADD5F31F13D13E00F7BCAB /* CGFloat+Extensions.swift */; };
		4EADD6331F13FB4500F7BCAB /* CGRect+Extensions.swift in Sources */ = {isa = PBXBuildFile; fileRef = 4EADD5F41F13D13E00F7BCAB /* CGRect+Extensions.swift */; };
		4EADD6341F13FB4500F7BCAB /* Image+Extensions.swift in Sources */ = {isa = PBXBuildFile; fileRef = 4EADD5F61F13D13E00F7BCAB /* Image+Extensions.swift */; };
		4EADD6351F13FB4500F7BCAB /* ImageTypes.swift in Sources */ = {isa = PBXBuildFile; fileRef = 4EADD5F71F13D13E00F7BCAB /* ImageTypes.swift */; };
		4EADD6361F13FB4500F7BCAB /* ImageView+Extensions.swift in Sources */ = {isa = PBXBuildFile; fileRef = 4EADD5F81F13D13E00F7BCAB /* ImageView+Extensions.swift */; };
		4EADD6371F13FB4500F7BCAB /* CollectionView+Extensions.swift in Sources */ = {isa = PBXBuildFile; fileRef = 4EADD5FA1F13D13E00F7BCAB /* CollectionView+Extensions.swift */; };
		4EADD6381F13FB4500F7BCAB /* ScrollView+Extensions.swift in Sources */ = {isa = PBXBuildFile; fileRef = 4EADD5FB1F13D13E00F7BCAB /* ScrollView+Extensions.swift */; };
		4EADD6391F13FB4500F7BCAB /* TableView+Extensions.swift in Sources */ = {isa = PBXBuildFile; fileRef = 4EADD5FC1F13D13E00F7BCAB /* TableView+Extensions.swift */; };
		4EADD63A1F13FB4500F7BCAB /* View+Extensions.swift in Sources */ = {isa = PBXBuildFile; fileRef = 4EADD5FD1F13D13E00F7BCAB /* View+Extensions.swift */; };
		4EADD63B1F13FB4500F7BCAB /* ViewTypes.swift in Sources */ = {isa = PBXBuildFile; fileRef = 4EADD5FE1F13D13E00F7BCAB /* ViewTypes.swift */; };
		4EADD63F1F13FB4500F7BCAB /* ViewController+Extensions.swift in Sources */ = {isa = PBXBuildFile; fileRef = 4EADD6031F13D13E00F7BCAB /* ViewController+Extensions.swift */; };
		4EADD6401F13FB4500F7BCAB /* ViewControllerTypes.swift in Sources */ = {isa = PBXBuildFile; fileRef = 4EADD6041F13D13E00F7BCAB /* ViewControllerTypes.swift */; };
		4EADD6411F13FB4500F7BCAB /* Cache.swift in Sources */ = {isa = PBXBuildFile; fileRef = 4EADD5D51F13D13E00F7BCAB /* Cache.swift */; };
		4EADD6421F13FB4500F7BCAB /* Result.swift in Sources */ = {isa = PBXBuildFile; fileRef = 4EADD5D61F13D13E00F7BCAB /* Result.swift */; };
		4EADD6431F13FB4500F7BCAB /* Array+Extensions.swift in Sources */ = {isa = PBXBuildFile; fileRef = 4EADD5D81F13D13E00F7BCAB /* Array+Extensions.swift */; };
		4EADD6441F13FB4500F7BCAB /* Dictionary+Extensions.swift in Sources */ = {isa = PBXBuildFile; fileRef = 4EADD5D91F13D13E00F7BCAB /* Dictionary+Extensions.swift */; };
		4EADD6451F13FB4500F7BCAB /* Double+Extensions.swift in Sources */ = {isa = PBXBuildFile; fileRef = 4EADD5DA1F13D13E00F7BCAB /* Double+Extensions.swift */; };
		4EADD6461F13FB4500F7BCAB /* Float+Extensions.swift in Sources */ = {isa = PBXBuildFile; fileRef = 4EADD5DB1F13D13E00F7BCAB /* Float+Extensions.swift */; };
		4EADD6471F13FB4500F7BCAB /* Int+Extensions.swift in Sources */ = {isa = PBXBuildFile; fileRef = 4EADD5DC1F13D13E00F7BCAB /* Int+Extensions.swift */; };
		4EADD6481F13FB4500F7BCAB /* NotificationCenter+Extensions.swift in Sources */ = {isa = PBXBuildFile; fileRef = 4EADD5DD1F13D13E00F7BCAB /* NotificationCenter+Extensions.swift */; };
		4EADD6491F13FB4500F7BCAB /* NSNumber+Extensions.swift in Sources */ = {isa = PBXBuildFile; fileRef = 4EADD5DE1F13D13E00F7BCAB /* NSNumber+Extensions.swift */; };
		4EADD64A1F13FB4500F7BCAB /* OperationQueue+Extensions.swift in Sources */ = {isa = PBXBuildFile; fileRef = 4EADD5DF1F13D13E00F7BCAB /* OperationQueue+Extensions.swift */; };
		4EADD64B1F13FB4500F7BCAB /* String+Extensions.swift in Sources */ = {isa = PBXBuildFile; fileRef = 4EADD5E01F13D13E00F7BCAB /* String+Extensions.swift */; };
		4EADD64C1F13FB4500F7BCAB /* Timer+Extensions.swift in Sources */ = {isa = PBXBuildFile; fileRef = 4EADD5E11F13D13E00F7BCAB /* Timer+Extensions.swift */; };
		4EADD64D1F13FB4500F7BCAB /* UserDefaults+Extensions.swift in Sources */ = {isa = PBXBuildFile; fileRef = 4EADD5E21F13D13E00F7BCAB /* UserDefaults+Extensions.swift */; };
		4EADD6531F13FBDC00F7BCAB /* CGFloat+Extensions.swift in Sources */ = {isa = PBXBuildFile; fileRef = 4EADD5F31F13D13E00F7BCAB /* CGFloat+Extensions.swift */; };
		4EADD6541F13FBDC00F7BCAB /* CGRect+Extensions.swift in Sources */ = {isa = PBXBuildFile; fileRef = 4EADD5F41F13D13E00F7BCAB /* CGRect+Extensions.swift */; };
		4EADD6551F13FBDC00F7BCAB /* Image+Extensions.swift in Sources */ = {isa = PBXBuildFile; fileRef = 4EADD5F61F13D13E00F7BCAB /* Image+Extensions.swift */; };
		4EADD6561F13FBDC00F7BCAB /* ImageTypes.swift in Sources */ = {isa = PBXBuildFile; fileRef = 4EADD5F71F13D13E00F7BCAB /* ImageTypes.swift */; };
		4EADD6571F13FBDC00F7BCAB /* ImageView+Extensions.swift in Sources */ = {isa = PBXBuildFile; fileRef = 4EADD5F81F13D13E00F7BCAB /* ImageView+Extensions.swift */; };
		4EADD65A1F13FBDC00F7BCAB /* TableView+Extensions.swift in Sources */ = {isa = PBXBuildFile; fileRef = 4EADD5FC1F13D13E00F7BCAB /* TableView+Extensions.swift */; };
		4EADD6621F13FBDC00F7BCAB /* Cache.swift in Sources */ = {isa = PBXBuildFile; fileRef = 4EADD5D51F13D13E00F7BCAB /* Cache.swift */; };
		4EADD6631F13FBDC00F7BCAB /* Result.swift in Sources */ = {isa = PBXBuildFile; fileRef = 4EADD5D61F13D13E00F7BCAB /* Result.swift */; };
		4EADD6641F13FBDC00F7BCAB /* Array+Extensions.swift in Sources */ = {isa = PBXBuildFile; fileRef = 4EADD5D81F13D13E00F7BCAB /* Array+Extensions.swift */; };
		4EADD6651F13FBDC00F7BCAB /* Dictionary+Extensions.swift in Sources */ = {isa = PBXBuildFile; fileRef = 4EADD5D91F13D13E00F7BCAB /* Dictionary+Extensions.swift */; };
		4EADD6661F13FBDC00F7BCAB /* Double+Extensions.swift in Sources */ = {isa = PBXBuildFile; fileRef = 4EADD5DA1F13D13E00F7BCAB /* Double+Extensions.swift */; };
		4EADD6671F13FBDC00F7BCAB /* Float+Extensions.swift in Sources */ = {isa = PBXBuildFile; fileRef = 4EADD5DB1F13D13E00F7BCAB /* Float+Extensions.swift */; };
		4EADD6681F13FBDC00F7BCAB /* Int+Extensions.swift in Sources */ = {isa = PBXBuildFile; fileRef = 4EADD5DC1F13D13E00F7BCAB /* Int+Extensions.swift */; };
		4EADD6691F13FBDC00F7BCAB /* NotificationCenter+Extensions.swift in Sources */ = {isa = PBXBuildFile; fileRef = 4EADD5DD1F13D13E00F7BCAB /* NotificationCenter+Extensions.swift */; };
		4EADD66A1F13FBDC00F7BCAB /* NSNumber+Extensions.swift in Sources */ = {isa = PBXBuildFile; fileRef = 4EADD5DE1F13D13E00F7BCAB /* NSNumber+Extensions.swift */; };
		4EADD66B1F13FBDC00F7BCAB /* OperationQueue+Extensions.swift in Sources */ = {isa = PBXBuildFile; fileRef = 4EADD5DF1F13D13E00F7BCAB /* OperationQueue+Extensions.swift */; };
		4EADD66C1F13FBDC00F7BCAB /* String+Extensions.swift in Sources */ = {isa = PBXBuildFile; fileRef = 4EADD5E01F13D13E00F7BCAB /* String+Extensions.swift */; };
		4EADD66D1F13FBDC00F7BCAB /* Timer+Extensions.swift in Sources */ = {isa = PBXBuildFile; fileRef = 4EADD5E11F13D13E00F7BCAB /* Timer+Extensions.swift */; };
		4EADD66E1F13FBDC00F7BCAB /* UserDefaults+Extensions.swift in Sources */ = {isa = PBXBuildFile; fileRef = 4EADD5E21F13D13E00F7BCAB /* UserDefaults+Extensions.swift */; };
		4EADD66F1F13FD7900F7BCAB /* DismissStoryboardSegue.swift in Sources */ = {isa = PBXBuildFile; fileRef = 4EADD5EC1F13D13E00F7BCAB /* DismissStoryboardSegue.swift */; };
		4EADD6701F13FD7900F7BCAB /* HideStoryboardSegue.swift in Sources */ = {isa = PBXBuildFile; fileRef = 4EADD5ED1F13D13E00F7BCAB /* HideStoryboardSegue.swift */; };
		4EADD6711F13FD7900F7BCAB /* PopStoryboardSegue.swift in Sources */ = {isa = PBXBuildFile; fileRef = 4EADD5EE1F13D13E00F7BCAB /* PopStoryboardSegue.swift */; };
		4EADD6721F13FD7900F7BCAB /* ShowStoryboardSegue.swift in Sources */ = {isa = PBXBuildFile; fileRef = 4EADD5EF1F13D13E00F7BCAB /* ShowStoryboardSegue.swift */; };
		4EADD6731F13FD7900F7BCAB /* StoryboardSegueTypes.swift in Sources */ = {isa = PBXBuildFile; fileRef = 4EADD5F01F13D13E00F7BCAB /* StoryboardSegueTypes.swift */; };
		4EADD6741F13FD7900F7BCAB /* CGFloat+Extensions.swift in Sources */ = {isa = PBXBuildFile; fileRef = 4EADD5F31F13D13E00F7BCAB /* CGFloat+Extensions.swift */; };
		4EADD6751F13FD7900F7BCAB /* CGRect+Extensions.swift in Sources */ = {isa = PBXBuildFile; fileRef = 4EADD5F41F13D13E00F7BCAB /* CGRect+Extensions.swift */; };
		4EADD6761F13FD7900F7BCAB /* Image+Extensions.swift in Sources */ = {isa = PBXBuildFile; fileRef = 4EADD5F61F13D13E00F7BCAB /* Image+Extensions.swift */; };
		4EADD6771F13FD7900F7BCAB /* ImageTypes.swift in Sources */ = {isa = PBXBuildFile; fileRef = 4EADD5F71F13D13E00F7BCAB /* ImageTypes.swift */; };
		4EADD6781F13FD7900F7BCAB /* ImageView+Extensions.swift in Sources */ = {isa = PBXBuildFile; fileRef = 4EADD5F81F13D13E00F7BCAB /* ImageView+Extensions.swift */; };
		4EADD6791F13FD7900F7BCAB /* ViewTypes.swift in Sources */ = {isa = PBXBuildFile; fileRef = 4EADD5FE1F13D13E00F7BCAB /* ViewTypes.swift */; };
		4EADD67A1F13FD7900F7BCAB /* CollectionView+Extensions.swift in Sources */ = {isa = PBXBuildFile; fileRef = 4EADD5FA1F13D13E00F7BCAB /* CollectionView+Extensions.swift */; };
		4EADD67B1F13FD7900F7BCAB /* ScrollView+Extensions.swift in Sources */ = {isa = PBXBuildFile; fileRef = 4EADD5FB1F13D13E00F7BCAB /* ScrollView+Extensions.swift */; };
		4EADD67C1F13FD7900F7BCAB /* TableView+Extensions.swift in Sources */ = {isa = PBXBuildFile; fileRef = 4EADD5FC1F13D13E00F7BCAB /* TableView+Extensions.swift */; };
		4EADD67D1F13FD7900F7BCAB /* View+Extensions.swift in Sources */ = {isa = PBXBuildFile; fileRef = 4EADD5FD1F13D13E00F7BCAB /* View+Extensions.swift */; };
		4EADD67F1F13FD7900F7BCAB /* Alert+Extensions.swift in Sources */ = {isa = PBXBuildFile; fileRef = 4EADD6011F13D13E00F7BCAB /* Alert+Extensions.swift */; };
		4EADD6801F13FD7900F7BCAB /* NavigationController+Extensions.swift in Sources */ = {isa = PBXBuildFile; fileRef = 4EADD6021F13D13E00F7BCAB /* NavigationController+Extensions.swift */; };
		4EADD6811F13FD7900F7BCAB /* ViewController+Extensions.swift in Sources */ = {isa = PBXBuildFile; fileRef = 4EADD6031F13D13E00F7BCAB /* ViewController+Extensions.swift */; };
		4EADD6821F13FD7900F7BCAB /* ViewControllerTypes.swift in Sources */ = {isa = PBXBuildFile; fileRef = 4EADD6041F13D13E00F7BCAB /* ViewControllerTypes.swift */; };
		4EADD6831F13FD7900F7BCAB /* Cache.swift in Sources */ = {isa = PBXBuildFile; fileRef = 4EADD5D51F13D13E00F7BCAB /* Cache.swift */; };
		4EADD6841F13FD7900F7BCAB /* Result.swift in Sources */ = {isa = PBXBuildFile; fileRef = 4EADD5D61F13D13E00F7BCAB /* Result.swift */; };
		4EADD6851F13FD7900F7BCAB /* Array+Extensions.swift in Sources */ = {isa = PBXBuildFile; fileRef = 4EADD5D81F13D13E00F7BCAB /* Array+Extensions.swift */; };
		4EADD6861F13FD7900F7BCAB /* Dictionary+Extensions.swift in Sources */ = {isa = PBXBuildFile; fileRef = 4EADD5D91F13D13E00F7BCAB /* Dictionary+Extensions.swift */; };
		4EADD6871F13FD7900F7BCAB /* Double+Extensions.swift in Sources */ = {isa = PBXBuildFile; fileRef = 4EADD5DA1F13D13E00F7BCAB /* Double+Extensions.swift */; };
		4EADD6881F13FD7900F7BCAB /* Float+Extensions.swift in Sources */ = {isa = PBXBuildFile; fileRef = 4EADD5DB1F13D13E00F7BCAB /* Float+Extensions.swift */; };
		4EADD6891F13FD7900F7BCAB /* Int+Extensions.swift in Sources */ = {isa = PBXBuildFile; fileRef = 4EADD5DC1F13D13E00F7BCAB /* Int+Extensions.swift */; };
		4EADD68A1F13FD7900F7BCAB /* NotificationCenter+Extensions.swift in Sources */ = {isa = PBXBuildFile; fileRef = 4EADD5DD1F13D13E00F7BCAB /* NotificationCenter+Extensions.swift */; };
		4EADD68B1F13FD7900F7BCAB /* NSNumber+Extensions.swift in Sources */ = {isa = PBXBuildFile; fileRef = 4EADD5DE1F13D13E00F7BCAB /* NSNumber+Extensions.swift */; };
		4EADD68C1F13FD7900F7BCAB /* OperationQueue+Extensions.swift in Sources */ = {isa = PBXBuildFile; fileRef = 4EADD5DF1F13D13E00F7BCAB /* OperationQueue+Extensions.swift */; };
		4EADD68D1F13FD7900F7BCAB /* String+Extensions.swift in Sources */ = {isa = PBXBuildFile; fileRef = 4EADD5E01F13D13E00F7BCAB /* String+Extensions.swift */; };
		4EADD68E1F13FD7900F7BCAB /* Timer+Extensions.swift in Sources */ = {isa = PBXBuildFile; fileRef = 4EADD5E11F13D13E00F7BCAB /* Timer+Extensions.swift */; };
		4EADD68F1F13FD7900F7BCAB /* UserDefaults+Extensions.swift in Sources */ = {isa = PBXBuildFile; fileRef = 4EADD5E21F13D13E00F7BCAB /* UserDefaults+Extensions.swift */; };
		4ECCF4F71EDE05BF00A80933 /* TimerExtensionsTest.swift in Sources */ = {isa = PBXBuildFile; fileRef = 4ECCF4F61EDE05BF00A80933 /* TimerExtensionsTest.swift */; };
		4ECCF4F81EDE05BF00A80933 /* TimerExtensionsTest.swift in Sources */ = {isa = PBXBuildFile; fileRef = 4ECCF4F61EDE05BF00A80933 /* TimerExtensionsTest.swift */; };
		4ECCF4F91EDE05BF00A80933 /* TimerExtensionsTest.swift in Sources */ = {isa = PBXBuildFile; fileRef = 4ECCF4F61EDE05BF00A80933 /* TimerExtensionsTest.swift */; };
		4ECCF4FB1EDE232100A80933 /* UserDefaultsExtensionsTest.swift in Sources */ = {isa = PBXBuildFile; fileRef = 4ECCF4FA1EDE232100A80933 /* UserDefaultsExtensionsTest.swift */; };
		4ECCF4FC1EDE232100A80933 /* UserDefaultsExtensionsTest.swift in Sources */ = {isa = PBXBuildFile; fileRef = 4ECCF4FA1EDE232100A80933 /* UserDefaultsExtensionsTest.swift */; };
		4ECCF4FD1EDE232100A80933 /* UserDefaultsExtensionsTest.swift in Sources */ = {isa = PBXBuildFile; fileRef = 4ECCF4FA1EDE232100A80933 /* UserDefaultsExtensionsTest.swift */; };
/* End PBXBuildFile section */

/* Begin PBXContainerItemProxy section */
		4E9307E91ED6E84E0039510B /* PBXContainerItemProxy */ = {
			isa = PBXContainerItemProxy;
			containerPortal = 91044B501EBA4096009824AD /* Project object */;
			proxyType = 1;
			remoteGlobalIDString = 4E9305481ED461CB0039510B;
			remoteInfo = "MYUtils-tvOS";
		};
		4E9308041ED6E8760039510B /* PBXContainerItemProxy */ = {
			isa = PBXContainerItemProxy;
			containerPortal = 91044B501EBA4096009824AD /* Project object */;
			proxyType = 1;
			remoteGlobalIDString = 4E9305641ED461F80039510B;
			remoteInfo = "MYUtils-macOS";
		};
/* End PBXContainerItemProxy section */

/* Begin PBXFileReference section */
		4E0642311EE16FBC001B9784 /* CGRectExtensionsTests.swift */ = {isa = PBXFileReference; fileEncoding = 4; lastKnownFileType = sourcecode.swift; name = CGRectExtensionsTests.swift; path = UnitTests/UI/Extensions/CGRectExtensionsTests.swift; sourceTree = SOURCE_ROOT; };
		4E1B59C41EE575C6002F3D1A /* DoubleExtensionsTests.swift */ = {isa = PBXFileReference; fileEncoding = 4; lastKnownFileType = sourcecode.swift; path = DoubleExtensionsTests.swift; sourceTree = "<group>"; };
		4E1B59C81EE57F48002F3D1A /* FloatExtensionsTests.swift */ = {isa = PBXFileReference; fileEncoding = 4; lastKnownFileType = sourcecode.swift; path = FloatExtensionsTests.swift; sourceTree = "<group>"; };
		4E1B59CC1EE580E4002F3D1A /* IntExtensionsTests.swift */ = {isa = PBXFileReference; fileEncoding = 4; lastKnownFileType = sourcecode.swift; path = IntExtensionsTests.swift; sourceTree = "<group>"; };
		4E1B59D01EE58453002F3D1A /* CGFloatExtensionsTests.swift */ = {isa = PBXFileReference; fileEncoding = 4; lastKnownFileType = sourcecode.swift; name = CGFloatExtensionsTests.swift; path = UnitTests/UI/Extensions/CGFloatExtensionsTests.swift; sourceTree = SOURCE_ROOT; };
		4E1B5A001EE712B4002F3D1A /* Info-tvOSUITests.plist */ = {isa = PBXFileReference; fileEncoding = 4; lastKnownFileType = text.plist.xml; path = "Info-tvOSUITests.plist"; sourceTree = "<group>"; };
		4E3887811EDD85C4007502E0 /* ArrayExtensionsTest.swift */ = {isa = PBXFileReference; fileEncoding = 4; lastKnownFileType = sourcecode.swift; path = ArrayExtensionsTest.swift; sourceTree = "<group>"; };
		4E3887861EDD9BE3007502E0 /* DictionaryExtensionsTest.swift */ = {isa = PBXFileReference; fileEncoding = 4; lastKnownFileType = sourcecode.swift; path = DictionaryExtensionsTest.swift; sourceTree = "<group>"; };
		4E38878A1EDDABDF007502E0 /* NotificationCenterExtensionsTest.swift */ = {isa = PBXFileReference; fileEncoding = 4; lastKnownFileType = sourcecode.swift; path = NotificationCenterExtensionsTest.swift; sourceTree = "<group>"; };
		4E38878E1EDDB82E007502E0 /* NumberExtensionsTest.swift */ = {isa = PBXFileReference; fileEncoding = 4; lastKnownFileType = sourcecode.swift; path = NumberExtensionsTest.swift; sourceTree = "<group>"; };
		4E3887921EDDBB05007502E0 /* OperationQueueExtensionsTest.swift */ = {isa = PBXFileReference; fileEncoding = 4; lastKnownFileType = sourcecode.swift; path = OperationQueueExtensionsTest.swift; sourceTree = "<group>"; };
		4E3887961EDDD5C1007502E0 /* StringExtensionsTest.swift */ = {isa = PBXFileReference; fileEncoding = 4; lastKnownFileType = sourcecode.swift; path = StringExtensionsTest.swift; sourceTree = "<group>"; };
		4E9046981EE1A91C00B950D5 /* Info-iOSUITests.plist */ = {isa = PBXFileReference; fileEncoding = 4; lastKnownFileType = text.plist.xml; path = "Info-iOSUITests.plist"; sourceTree = "<group>"; };
		4E93053C1ED461AE0039510B /* MYUtils.framework */ = {isa = PBXFileReference; explicitFileType = wrapper.framework; includeInIndex = 0; path = MYUtils.framework; sourceTree = BUILT_PRODUCTS_DIR; };
		4E9305491ED461CB0039510B /* MYUtils.framework */ = {isa = PBXFileReference; explicitFileType = wrapper.framework; includeInIndex = 0; path = MYUtils.framework; sourceTree = BUILT_PRODUCTS_DIR; };
		4E9305651ED461F80039510B /* MYUtils.framework */ = {isa = PBXFileReference; explicitFileType = wrapper.framework; includeInIndex = 0; path = MYUtils.framework; sourceTree = BUILT_PRODUCTS_DIR; };
		4E93079C1ED62BC10039510B /* CacheTest.swift */ = {isa = PBXFileReference; fileEncoding = 4; lastKnownFileType = sourcecode.swift; path = CacheTest.swift; sourceTree = "<group>"; };
		4E9307AB1ED62CE60039510B /* iOS-UnitTests.xctest */ = {isa = PBXFileReference; explicitFileType = wrapper.cfbundle; includeInIndex = 0; path = "iOS-UnitTests.xctest"; sourceTree = BUILT_PRODUCTS_DIR; };
		4E9307E31ED6E84E0039510B /* tvOS-UnitTests.xctest */ = {isa = PBXFileReference; explicitFileType = wrapper.cfbundle; includeInIndex = 0; path = "tvOS-UnitTests.xctest"; sourceTree = BUILT_PRODUCTS_DIR; };
		4E9307FE1ED6E8760039510B /* macOS-UnitTests.xctest */ = {isa = PBXFileReference; explicitFileType = wrapper.cfbundle; includeInIndex = 0; path = "macOS-UnitTests.xctest"; sourceTree = BUILT_PRODUCTS_DIR; };
		4E93080B1ED6EF140039510B /* Info-iOSUnitTests.plist */ = {isa = PBXFileReference; fileEncoding = 4; lastKnownFileType = text.plist.xml; path = "Info-iOSUnitTests.plist"; sourceTree = "<group>"; };
		4E93080C1ED6EF140039510B /* Info-macOSUITests.plist */ = {isa = PBXFileReference; fileEncoding = 4; lastKnownFileType = text.plist.xml; path = "Info-macOSUITests.plist"; sourceTree = "<group>"; };
		4E93080D1ED6EF140039510B /* Info-macOSUnitTests.plist */ = {isa = PBXFileReference; fileEncoding = 4; lastKnownFileType = text.plist.xml; path = "Info-macOSUnitTests.plist"; sourceTree = "<group>"; };
		4E93080F1ED6EF140039510B /* Info-tvOSUnitTests.plist */ = {isa = PBXFileReference; fileEncoding = 4; lastKnownFileType = text.plist.xml; path = "Info-tvOSUnitTests.plist"; sourceTree = "<group>"; };
		4E9308C81ED730FE0039510B /* ResultTest.swift */ = {isa = PBXFileReference; fileEncoding = 4; lastKnownFileType = sourcecode.swift; path = ResultTest.swift; sourceTree = "<group>"; };
		4EADD5D51F13D13E00F7BCAB /* Cache.swift */ = {isa = PBXFileReference; fileEncoding = 4; lastKnownFileType = sourcecode.swift; path = Cache.swift; sourceTree = "<group>"; };
		4EADD5D61F13D13E00F7BCAB /* Result.swift */ = {isa = PBXFileReference; fileEncoding = 4; lastKnownFileType = sourcecode.swift; path = Result.swift; sourceTree = "<group>"; };
		4EADD5D81F13D13E00F7BCAB /* Array+Extensions.swift */ = {isa = PBXFileReference; fileEncoding = 4; lastKnownFileType = sourcecode.swift; path = "Array+Extensions.swift"; sourceTree = "<group>"; };
		4EADD5D91F13D13E00F7BCAB /* Dictionary+Extensions.swift */ = {isa = PBXFileReference; fileEncoding = 4; lastKnownFileType = sourcecode.swift; path = "Dictionary+Extensions.swift"; sourceTree = "<group>"; };
		4EADD5DA1F13D13E00F7BCAB /* Double+Extensions.swift */ = {isa = PBXFileReference; fileEncoding = 4; lastKnownFileType = sourcecode.swift; path = "Double+Extensions.swift"; sourceTree = "<group>"; };
		4EADD5DB1F13D13E00F7BCAB /* Float+Extensions.swift */ = {isa = PBXFileReference; fileEncoding = 4; lastKnownFileType = sourcecode.swift; path = "Float+Extensions.swift"; sourceTree = "<group>"; };
		4EADD5DC1F13D13E00F7BCAB /* Int+Extensions.swift */ = {isa = PBXFileReference; fileEncoding = 4; lastKnownFileType = sourcecode.swift; path = "Int+Extensions.swift"; sourceTree = "<group>"; };
		4EADD5DD1F13D13E00F7BCAB /* NotificationCenter+Extensions.swift */ = {isa = PBXFileReference; fileEncoding = 4; lastKnownFileType = sourcecode.swift; path = "NotificationCenter+Extensions.swift"; sourceTree = "<group>"; };
		4EADD5DE1F13D13E00F7BCAB /* NSNumber+Extensions.swift */ = {isa = PBXFileReference; fileEncoding = 4; lastKnownFileType = sourcecode.swift; path = "NSNumber+Extensions.swift"; sourceTree = "<group>"; };
		4EADD5DF1F13D13E00F7BCAB /* OperationQueue+Extensions.swift */ = {isa = PBXFileReference; fileEncoding = 4; lastKnownFileType = sourcecode.swift; path = "OperationQueue+Extensions.swift"; sourceTree = "<group>"; };
		4EADD5E01F13D13E00F7BCAB /* String+Extensions.swift */ = {isa = PBXFileReference; fileEncoding = 4; lastKnownFileType = sourcecode.swift; path = "String+Extensions.swift"; sourceTree = "<group>"; };
		4EADD5E11F13D13E00F7BCAB /* Timer+Extensions.swift */ = {isa = PBXFileReference; fileEncoding = 4; lastKnownFileType = sourcecode.swift; path = "Timer+Extensions.swift"; sourceTree = "<group>"; };
		4EADD5E21F13D13E00F7BCAB /* UserDefaults+Extensions.swift */ = {isa = PBXFileReference; fileEncoding = 4; lastKnownFileType = sourcecode.swift; path = "UserDefaults+Extensions.swift"; sourceTree = "<group>"; };
		4EADD5E31F13D13E00F7BCAB /* MYUtils.h */ = {isa = PBXFileReference; fileEncoding = 4; lastKnownFileType = sourcecode.c.h; path = MYUtils.h; sourceTree = "<group>"; };
		4EADD5E51F13D13E00F7BCAB /* Info-iOS.plist */ = {isa = PBXFileReference; fileEncoding = 4; lastKnownFileType = text.plist.xml; path = "Info-iOS.plist"; sourceTree = "<group>"; };
		4EADD5E61F13D13E00F7BCAB /* Info-macOS.plist */ = {isa = PBXFileReference; fileEncoding = 4; lastKnownFileType = text.plist.xml; path = "Info-macOS.plist"; sourceTree = "<group>"; };
		4EADD5E71F13D13E00F7BCAB /* Info-tvOS.plist */ = {isa = PBXFileReference; fileEncoding = 4; lastKnownFileType = text.plist.xml; path = "Info-tvOS.plist"; sourceTree = "<group>"; };
		4EADD5E81F13D13E00F7BCAB /* Info-watchOS.plist */ = {isa = PBXFileReference; fileEncoding = 4; lastKnownFileType = text.plist.xml; path = "Info-watchOS.plist"; sourceTree = "<group>"; };
		4EADD5EC1F13D13E00F7BCAB /* DismissStoryboardSegue.swift */ = {isa = PBXFileReference; fileEncoding = 4; lastKnownFileType = sourcecode.swift; path = DismissStoryboardSegue.swift; sourceTree = "<group>"; };
		4EADD5ED1F13D13E00F7BCAB /* HideStoryboardSegue.swift */ = {isa = PBXFileReference; fileEncoding = 4; lastKnownFileType = sourcecode.swift; path = HideStoryboardSegue.swift; sourceTree = "<group>"; };
		4EADD5EE1F13D13E00F7BCAB /* PopStoryboardSegue.swift */ = {isa = PBXFileReference; fileEncoding = 4; lastKnownFileType = sourcecode.swift; path = PopStoryboardSegue.swift; sourceTree = "<group>"; };
		4EADD5EF1F13D13E00F7BCAB /* ShowStoryboardSegue.swift */ = {isa = PBXFileReference; fileEncoding = 4; lastKnownFileType = sourcecode.swift; path = ShowStoryboardSegue.swift; sourceTree = "<group>"; };
		4EADD5F01F13D13E00F7BCAB /* StoryboardSegueTypes.swift */ = {isa = PBXFileReference; fileEncoding = 4; lastKnownFileType = sourcecode.swift; path = StoryboardSegueTypes.swift; sourceTree = "<group>"; };
		4EADD5F31F13D13E00F7BCAB /* CGFloat+Extensions.swift */ = {isa = PBXFileReference; fileEncoding = 4; lastKnownFileType = sourcecode.swift; path = "CGFloat+Extensions.swift"; sourceTree = "<group>"; };
		4EADD5F41F13D13E00F7BCAB /* CGRect+Extensions.swift */ = {isa = PBXFileReference; fileEncoding = 4; lastKnownFileType = sourcecode.swift; path = "CGRect+Extensions.swift"; sourceTree = "<group>"; };
		4EADD5F61F13D13E00F7BCAB /* Image+Extensions.swift */ = {isa = PBXFileReference; fileEncoding = 4; lastKnownFileType = sourcecode.swift; path = "Image+Extensions.swift"; sourceTree = "<group>"; };
		4EADD5F71F13D13E00F7BCAB /* ImageTypes.swift */ = {isa = PBXFileReference; fileEncoding = 4; lastKnownFileType = sourcecode.swift; path = ImageTypes.swift; sourceTree = "<group>"; };
		4EADD5F81F13D13E00F7BCAB /* ImageView+Extensions.swift */ = {isa = PBXFileReference; fileEncoding = 4; lastKnownFileType = sourcecode.swift; path = "ImageView+Extensions.swift"; sourceTree = "<group>"; };
		4EADD5FA1F13D13E00F7BCAB /* CollectionView+Extensions.swift */ = {isa = PBXFileReference; fileEncoding = 4; lastKnownFileType = sourcecode.swift; path = "CollectionView+Extensions.swift"; sourceTree = "<group>"; };
		4EADD5FB1F13D13E00F7BCAB /* ScrollView+Extensions.swift */ = {isa = PBXFileReference; fileEncoding = 4; lastKnownFileType = sourcecode.swift; path = "ScrollView+Extensions.swift"; sourceTree = "<group>"; };
		4EADD5FC1F13D13E00F7BCAB /* TableView+Extensions.swift */ = {isa = PBXFileReference; fileEncoding = 4; lastKnownFileType = sourcecode.swift; path = "TableView+Extensions.swift"; sourceTree = "<group>"; };
		4EADD5FD1F13D13E00F7BCAB /* View+Extensions.swift */ = {isa = PBXFileReference; fileEncoding = 4; lastKnownFileType = sourcecode.swift; path = "View+Extensions.swift"; sourceTree = "<group>"; };
		4EADD5FE1F13D13E00F7BCAB /* ViewTypes.swift */ = {isa = PBXFileReference; fileEncoding = 4; lastKnownFileType = sourcecode.swift; path = ViewTypes.swift; sourceTree = "<group>"; };
		4EADD6001F13D13E00F7BCAB /* ActivityViewController+Extensions.swift */ = {isa = PBXFileReference; fileEncoding = 4; lastKnownFileType = sourcecode.swift; path = "ActivityViewController+Extensions.swift"; sourceTree = "<group>"; };
		4EADD6011F13D13E00F7BCAB /* Alert+Extensions.swift */ = {isa = PBXFileReference; fileEncoding = 4; lastKnownFileType = sourcecode.swift; path = "Alert+Extensions.swift"; sourceTree = "<group>"; };
		4EADD6021F13D13E00F7BCAB /* NavigationController+Extensions.swift */ = {isa = PBXFileReference; fileEncoding = 4; lastKnownFileType = sourcecode.swift; path = "NavigationController+Extensions.swift"; sourceTree = "<group>"; };
		4EADD6031F13D13E00F7BCAB /* ViewController+Extensions.swift */ = {isa = PBXFileReference; fileEncoding = 4; lastKnownFileType = sourcecode.swift; path = "ViewController+Extensions.swift"; sourceTree = "<group>"; };
		4EADD6041F13D13E00F7BCAB /* ViewControllerTypes.swift */ = {isa = PBXFileReference; fileEncoding = 4; lastKnownFileType = sourcecode.swift; path = ViewControllerTypes.swift; sourceTree = "<group>"; };
		4ECCF4F61EDE05BF00A80933 /* TimerExtensionsTest.swift */ = {isa = PBXFileReference; fileEncoding = 4; lastKnownFileType = sourcecode.swift; path = TimerExtensionsTest.swift; sourceTree = "<group>"; };
		4ECCF4FA1EDE232100A80933 /* UserDefaultsExtensionsTest.swift */ = {isa = PBXFileReference; fileEncoding = 4; lastKnownFileType = sourcecode.swift; path = UserDefaultsExtensionsTest.swift; sourceTree = "<group>"; };
		91044B591EBA4096009824AD /* MYUtils.framework */ = {isa = PBXFileReference; explicitFileType = wrapper.framework; includeInIndex = 0; path = MYUtils.framework; sourceTree = BUILT_PRODUCTS_DIR; };
/* End PBXFileReference section */

/* Begin PBXFrameworksBuildPhase section */
		4E9305381ED461AE0039510B /* Frameworks */ = {
			isa = PBXFrameworksBuildPhase;
			buildActionMask = 2147483647;
			files = (
			);
			runOnlyForDeploymentPostprocessing = 0;
		};
		4E9305451ED461CB0039510B /* Frameworks */ = {
			isa = PBXFrameworksBuildPhase;
			buildActionMask = 2147483647;
			files = (
			);
			runOnlyForDeploymentPostprocessing = 0;
		};
		4E9305611ED461F80039510B /* Frameworks */ = {
			isa = PBXFrameworksBuildPhase;
			buildActionMask = 2147483647;
			files = (
			);
			runOnlyForDeploymentPostprocessing = 0;
		};
		4E9307A81ED62CE60039510B /* Frameworks */ = {
			isa = PBXFrameworksBuildPhase;
			buildActionMask = 2147483647;
			files = (
			);
			runOnlyForDeploymentPostprocessing = 0;
		};
		4E9307E01ED6E84E0039510B /* Frameworks */ = {
			isa = PBXFrameworksBuildPhase;
			buildActionMask = 2147483647;
			files = (
				4E9307E81ED6E84E0039510B /* MYUtils.framework in Frameworks */,
			);
			runOnlyForDeploymentPostprocessing = 0;
		};
		4E9307FB1ED6E8760039510B /* Frameworks */ = {
			isa = PBXFrameworksBuildPhase;
			buildActionMask = 2147483647;
			files = (
				4E9308031ED6E8760039510B /* MYUtils.framework in Frameworks */,
			);
			runOnlyForDeploymentPostprocessing = 0;
		};
		91044B551EBA4096009824AD /* Frameworks */ = {
			isa = PBXFrameworksBuildPhase;
			buildActionMask = 2147483647;
			files = (
			);
			runOnlyForDeploymentPostprocessing = 0;
		};
/* End PBXFrameworksBuildPhase section */

/* Begin PBXGroup section */
		4E3887791EDD840F007502E0 /* Extensions */ = {
			isa = PBXGroup;
			children = (
				4E3887811EDD85C4007502E0 /* ArrayExtensionsTest.swift */,
				4E3887861EDD9BE3007502E0 /* DictionaryExtensionsTest.swift */,
				4E1B59C41EE575C6002F3D1A /* DoubleExtensionsTests.swift */,
				4E1B59C81EE57F48002F3D1A /* FloatExtensionsTests.swift */,
				4E1B59CC1EE580E4002F3D1A /* IntExtensionsTests.swift */,
				4E38878A1EDDABDF007502E0 /* NotificationCenterExtensionsTest.swift */,
				4E38878E1EDDB82E007502E0 /* NumberExtensionsTest.swift */,
				4E3887921EDDBB05007502E0 /* OperationQueueExtensionsTest.swift */,
				4E3887961EDDD5C1007502E0 /* StringExtensionsTest.swift */,
				4ECCF4F61EDE05BF00A80933 /* TimerExtensionsTest.swift */,
				4ECCF4FA1EDE232100A80933 /* UserDefaultsExtensionsTest.swift */,
			);
			path = Extensions;
			sourceTree = "<group>";
		};
		4E38877A1EDD8440007502E0 /* UI */ = {
			isa = PBXGroup;
			children = (
				4E38877B1EDD8440007502E0 /* Classes */,
				4E38877C1EDD8440007502E0 /* Extensions */,
			);
			path = UI;
			sourceTree = "<group>";
		};
		4E38877B1EDD8440007502E0 /* Classes */ = {
			isa = PBXGroup;
			children = (
			);
			path = Classes;
			sourceTree = "<group>";
		};
		4E38877C1EDD8440007502E0 /* Extensions */ = {
			isa = PBXGroup;
			children = (
				4E0642311EE16FBC001B9784 /* CGRectExtensionsTests.swift */,
				4E1B59D01EE58453002F3D1A /* CGFloatExtensionsTests.swift */,
			);
			path = Extensions;
			sourceTree = "<group>";
		};
		4E9306701ED5D2410039510B /* UnitTests */ = {
			isa = PBXGroup;
			children = (
				4E9306711ED5D2410039510B /* Foundation */,
				4E38877A1EDD8440007502E0 /* UI */,
				4E9307A61ED62CBF0039510B /* SupportedFiles */,
			);
			path = UnitTests;
			sourceTree = "<group>";
		};
		4E9306711ED5D2410039510B /* Foundation */ = {
			isa = PBXGroup;
			children = (
				4E93079B1ED62BC10039510B /* Classes */,
				4E3887791EDD840F007502E0 /* Extensions */,
			);
			path = Foundation;
			sourceTree = "<group>";
		};
		4E93079B1ED62BC10039510B /* Classes */ = {
			isa = PBXGroup;
			children = (
				4E93079C1ED62BC10039510B /* CacheTest.swift */,
				4E9308C81ED730FE0039510B /* ResultTest.swift */,
			);
			path = Classes;
			sourceTree = "<group>";
		};
		4E9307A61ED62CBF0039510B /* SupportedFiles */ = {
			isa = PBXGroup;
			children = (
				4E9046981EE1A91C00B950D5 /* Info-iOSUITests.plist */,
				4E93080B1ED6EF140039510B /* Info-iOSUnitTests.plist */,
				4E1B5A001EE712B4002F3D1A /* Info-tvOSUITests.plist */,
				4E93080F1ED6EF140039510B /* Info-tvOSUnitTests.plist */,
				4E93080C1ED6EF140039510B /* Info-macOSUITests.plist */,
				4E93080D1ED6EF140039510B /* Info-macOSUnitTests.plist */,
			);
			path = SupportedFiles;
			sourceTree = "<group>";
		};
		4E9307BD1ED6316B0039510B /* Frameworks */ = {
			isa = PBXGroup;
			children = (
			);
			name = Frameworks;
			sourceTree = "<group>";
		};
		4EADD5D21F13D13E00F7BCAB /* Source */ = {
			isa = PBXGroup;
			children = (
				4EADD5E31F13D13E00F7BCAB /* MYUtils.h */,
				4EADD5E91F13D13E00F7BCAB /* UI */,
				4EADD5D31F13D13E00F7BCAB /* Foundation */,
				4EADD5E41F13D13E00F7BCAB /* SupportedFiles */,
			);
			path = Source;
			sourceTree = "<group>";
		};
		4EADD5D31F13D13E00F7BCAB /* Foundation */ = {
			isa = PBXGroup;
			children = (
				4EADD5D41F13D13E00F7BCAB /* Classes */,
				4EADD5D71F13D13E00F7BCAB /* Extensions */,
			);
			path = Foundation;
			sourceTree = "<group>";
		};
		4EADD5D41F13D13E00F7BCAB /* Classes */ = {
			isa = PBXGroup;
			children = (
				4EADD5D51F13D13E00F7BCAB /* Cache.swift */,
				4EADD5D61F13D13E00F7BCAB /* Result.swift */,
			);
			path = Classes;
			sourceTree = "<group>";
		};
		4EADD5D71F13D13E00F7BCAB /* Extensions */ = {
			isa = PBXGroup;
			children = (
				4EADD5D81F13D13E00F7BCAB /* Array+Extensions.swift */,
				4EADD5D91F13D13E00F7BCAB /* Dictionary+Extensions.swift */,
				4EADD5DA1F13D13E00F7BCAB /* Double+Extensions.swift */,
				4EADD5DB1F13D13E00F7BCAB /* Float+Extensions.swift */,
				4EADD5DC1F13D13E00F7BCAB /* Int+Extensions.swift */,
				4EADD5DD1F13D13E00F7BCAB /* NotificationCenter+Extensions.swift */,
				4EADD5DE1F13D13E00F7BCAB /* NSNumber+Extensions.swift */,
				4EADD5DF1F13D13E00F7BCAB /* OperationQueue+Extensions.swift */,
				4EADD5E01F13D13E00F7BCAB /* String+Extensions.swift */,
				4EADD5E11F13D13E00F7BCAB /* Timer+Extensions.swift */,
				4EADD5E21F13D13E00F7BCAB /* UserDefaults+Extensions.swift */,
			);
			path = Extensions;
			sourceTree = "<group>";
		};
		4EADD5E41F13D13E00F7BCAB /* SupportedFiles */ = {
			isa = PBXGroup;
			children = (
				4EADD5E51F13D13E00F7BCAB /* Info-iOS.plist */,
				4EADD5E61F13D13E00F7BCAB /* Info-macOS.plist */,
				4EADD5E71F13D13E00F7BCAB /* Info-tvOS.plist */,
				4EADD5E81F13D13E00F7BCAB /* Info-watchOS.plist */,
			);
			path = SupportedFiles;
			sourceTree = "<group>";
		};
		4EADD5E91F13D13E00F7BCAB /* UI */ = {
			isa = PBXGroup;
			children = (
				4EADD5EA1F13D13E00F7BCAB /* Classes */,
				4EADD5F11F13D13E00F7BCAB /* Extensions */,
			);
			path = UI;
			sourceTree = "<group>";
		};
		4EADD5EA1F13D13E00F7BCAB /* Classes */ = {
			isa = PBXGroup;
			children = (
				4EADD5EB1F13D13E00F7BCAB /* StoryboardSegue */,
			);
			path = Classes;
			sourceTree = "<group>";
		};
		4EADD5EB1F13D13E00F7BCAB /* StoryboardSegue */ = {
			isa = PBXGroup;
			children = (
				4EADD5F01F13D13E00F7BCAB /* StoryboardSegueTypes.swift */,
				4EADD5EC1F13D13E00F7BCAB /* DismissStoryboardSegue.swift */,
				4EADD5EF1F13D13E00F7BCAB /* ShowStoryboardSegue.swift */,
				4EADD5ED1F13D13E00F7BCAB /* HideStoryboardSegue.swift */,
				4EADD5EE1F13D13E00F7BCAB /* PopStoryboardSegue.swift */,
			);
			path = StoryboardSegue;
			sourceTree = "<group>";
		};
		4EADD5F11F13D13E00F7BCAB /* Extensions */ = {
			isa = PBXGroup;
			children = (
				4EADD5F21F13D13E00F7BCAB /* CoreGraphics */,
				4EADD5F51F13D13E00F7BCAB /* Image */,
				4EADD5F91F13D13E00F7BCAB /* View */,
				4EADD5FF1F13D13E00F7BCAB /* ViewController */,
			);
			path = Extensions;
			sourceTree = "<group>";
		};
		4EADD5F21F13D13E00F7BCAB /* CoreGraphics */ = {
			isa = PBXGroup;
			children = (
				4EADD5F31F13D13E00F7BCAB /* CGFloat+Extensions.swift */,
				4EADD5F41F13D13E00F7BCAB /* CGRect+Extensions.swift */,
			);
			path = CoreGraphics;
			sourceTree = "<group>";
		};
		4EADD5F51F13D13E00F7BCAB /* Image */ = {
			isa = PBXGroup;
			children = (
				4EADD5F71F13D13E00F7BCAB /* ImageTypes.swift */,
				4EADD5F61F13D13E00F7BCAB /* Image+Extensions.swift */,
				4EADD5F81F13D13E00F7BCAB /* ImageView+Extensions.swift */,
			);
			path = Image;
			sourceTree = "<group>";
		};
		4EADD5F91F13D13E00F7BCAB /* View */ = {
			isa = PBXGroup;
			children = (
				4EADD5FE1F13D13E00F7BCAB /* ViewTypes.swift */,
				4EADD5FA1F13D13E00F7BCAB /* CollectionView+Extensions.swift */,
				4EADD5FB1F13D13E00F7BCAB /* ScrollView+Extensions.swift */,
				4EADD5FC1F13D13E00F7BCAB /* TableView+Extensions.swift */,
				4EADD5FD1F13D13E00F7BCAB /* View+Extensions.swift */,
			);
			path = View;
			sourceTree = "<group>";
		};
		4EADD5FF1F13D13E00F7BCAB /* ViewController */ = {
			isa = PBXGroup;
			children = (
				4EADD6041F13D13E00F7BCAB /* ViewControllerTypes.swift */,
				4EADD6001F13D13E00F7BCAB /* ActivityViewController+Extensions.swift */,
				4EADD6011F13D13E00F7BCAB /* Alert+Extensions.swift */,
				4EADD6021F13D13E00F7BCAB /* NavigationController+Extensions.swift */,
				4EADD6031F13D13E00F7BCAB /* ViewController+Extensions.swift */,
			);
			path = ViewController;
			sourceTree = "<group>";
		};
		91044B4F1EBA4096009824AD = {
			isa = PBXGroup;
			children = (
				4EADD5D21F13D13E00F7BCAB /* Source */,
				4E9306701ED5D2410039510B /* UnitTests */,
				91044B5A1EBA4096009824AD /* Products */,
				4E9307BD1ED6316B0039510B /* Frameworks */,
			);
			sourceTree = "<group>";
		};
		91044B5A1EBA4096009824AD /* Products */ = {
			isa = PBXGroup;
			children = (
				91044B591EBA4096009824AD /* MYUtils.framework */,
				4E93053C1ED461AE0039510B /* MYUtils.framework */,
				4E9305491ED461CB0039510B /* MYUtils.framework */,
				4E9305651ED461F80039510B /* MYUtils.framework */,
				4E9307AB1ED62CE60039510B /* iOS-UnitTests.xctest */,
				4E9307E31ED6E84E0039510B /* tvOS-UnitTests.xctest */,
				4E9307FE1ED6E8760039510B /* macOS-UnitTests.xctest */,
			);
			name = Products;
			sourceTree = "<group>";
		};
/* End PBXGroup section */

/* Begin PBXHeadersBuildPhase section */
		4E9305391ED461AE0039510B /* Headers */ = {
			isa = PBXHeadersBuildPhase;
			buildActionMask = 2147483647;
			files = (
				4EADD62C1F13E27F00F7BCAB /* MYUtils.h in Headers */,
			);
			runOnlyForDeploymentPostprocessing = 0;
		};
		4E9305461ED461CB0039510B /* Headers */ = {
			isa = PBXHeadersBuildPhase;
			buildActionMask = 2147483647;
			files = (
				4EADD62D1F13E28500F7BCAB /* MYUtils.h in Headers */,
			);
			runOnlyForDeploymentPostprocessing = 0;
		};
		4E9305621ED461F80039510B /* Headers */ = {
			isa = PBXHeadersBuildPhase;
			buildActionMask = 2147483647;
			files = (
				4EADD62B1F13E27900F7BCAB /* MYUtils.h in Headers */,
			);
			runOnlyForDeploymentPostprocessing = 0;
		};
		91044B561EBA4096009824AD /* Headers */ = {
			isa = PBXHeadersBuildPhase;
			buildActionMask = 2147483647;
			files = (
				4EADD6121F13D13E00F7BCAB /* MYUtils.h in Headers */,
			);
			runOnlyForDeploymentPostprocessing = 0;
		};
/* End PBXHeadersBuildPhase section */

/* Begin PBXNativeTarget section */
		4E93053B1ED461AE0039510B /* MYUtils-watchOS */ = {
			isa = PBXNativeTarget;
			buildConfigurationList = 4E9305411ED461AE0039510B /* Build configuration list for PBXNativeTarget "MYUtils-watchOS" */;
			buildPhases = (
				4E9305371ED461AE0039510B /* Sources */,
				4E9305381ED461AE0039510B /* Frameworks */,
				4E9305391ED461AE0039510B /* Headers */,
				4E93053A1ED461AE0039510B /* Resources */,
			);
			buildRules = (
			);
			dependencies = (
			);
			name = "MYUtils-watchOS";
			productName = "MYUtils-watchOS";
			productReference = 4E93053C1ED461AE0039510B /* MYUtils.framework */;
			productType = "com.apple.product-type.framework";
		};
		4E9305481ED461CB0039510B /* MYUtils-tvOS */ = {
			isa = PBXNativeTarget;
			buildConfigurationList = 4E93055A1ED461CC0039510B /* Build configuration list for PBXNativeTarget "MYUtils-tvOS" */;
			buildPhases = (
				4E9305441ED461CB0039510B /* Sources */,
				4E9305451ED461CB0039510B /* Frameworks */,
				4E9305461ED461CB0039510B /* Headers */,
				4E9305471ED461CB0039510B /* Resources */,
			);
			buildRules = (
			);
			dependencies = (
			);
			name = "MYUtils-tvOS";
			productName = "MYUtils-tvOS";
			productReference = 4E9305491ED461CB0039510B /* MYUtils.framework */;
			productType = "com.apple.product-type.framework";
		};
		4E9305641ED461F80039510B /* MYUtils-macOS */ = {
			isa = PBXNativeTarget;
			buildConfigurationList = 4E9305761ED461F80039510B /* Build configuration list for PBXNativeTarget "MYUtils-macOS" */;
			buildPhases = (
				4E9305601ED461F80039510B /* Sources */,
				4E9305611ED461F80039510B /* Frameworks */,
				4E9305621ED461F80039510B /* Headers */,
				4E9305631ED461F80039510B /* Resources */,
			);
			buildRules = (
			);
			dependencies = (
			);
			name = "MYUtils-macOS";
			productName = "MYUtils-macOS";
			productReference = 4E9305651ED461F80039510B /* MYUtils.framework */;
			productType = "com.apple.product-type.framework";
		};
		4E9307AA1ED62CE60039510B /* iOS-UnitTests */ = {
			isa = PBXNativeTarget;
			buildConfigurationList = 4E9307B31ED62CE60039510B /* Build configuration list for PBXNativeTarget "iOS-UnitTests" */;
			buildPhases = (
				4E9307A71ED62CE60039510B /* Sources */,
				4E9307A81ED62CE60039510B /* Frameworks */,
				4E9307A91ED62CE60039510B /* Resources */,
			);
			buildRules = (
			);
			dependencies = (
			);
			name = "iOS-UnitTests";
			productName = "iOS-Test";
			productReference = 4E9307AB1ED62CE60039510B /* iOS-UnitTests.xctest */;
			productType = "com.apple.product-type.bundle.unit-test";
		};
		4E9307E21ED6E84E0039510B /* tvOS-UnitTests */ = {
			isa = PBXNativeTarget;
			buildConfigurationList = 4E9307EB1ED6E84E0039510B /* Build configuration list for PBXNativeTarget "tvOS-UnitTests" */;
			buildPhases = (
				4E9307DF1ED6E84E0039510B /* Sources */,
				4E9307E01ED6E84E0039510B /* Frameworks */,
				4E9307E11ED6E84E0039510B /* Resources */,
			);
			buildRules = (
			);
			dependencies = (
				4E9307EA1ED6E84E0039510B /* PBXTargetDependency */,
			);
			name = "tvOS-UnitTests";
			productName = "tvOS-UnitTests";
			productReference = 4E9307E31ED6E84E0039510B /* tvOS-UnitTests.xctest */;
			productType = "com.apple.product-type.bundle.unit-test";
		};
		4E9307FD1ED6E8760039510B /* macOS-UnitTests */ = {
			isa = PBXNativeTarget;
			buildConfigurationList = 4E9308061ED6E8760039510B /* Build configuration list for PBXNativeTarget "macOS-UnitTests" */;
			buildPhases = (
				4E9307FA1ED6E8760039510B /* Sources */,
				4E9307FB1ED6E8760039510B /* Frameworks */,
				4E9307FC1ED6E8760039510B /* Resources */,
			);
			buildRules = (
			);
			dependencies = (
				4E9308051ED6E8760039510B /* PBXTargetDependency */,
			);
			name = "macOS-UnitTests";
			productName = "macOS-UnitTests";
			productReference = 4E9307FE1ED6E8760039510B /* macOS-UnitTests.xctest */;
			productType = "com.apple.product-type.bundle.unit-test";
		};
		91044B581EBA4096009824AD /* MYUtils-iOS */ = {
			isa = PBXNativeTarget;
			buildConfigurationList = 91044B6D1EBA4097009824AD /* Build configuration list for PBXNativeTarget "MYUtils-iOS" */;
			buildPhases = (
				91044B541EBA4096009824AD /* Sources */,
				91044B551EBA4096009824AD /* Frameworks */,
				91044B561EBA4096009824AD /* Headers */,
				91044B571EBA4096009824AD /* Resources */,
			);
			buildRules = (
			);
			dependencies = (
			);
			name = "MYUtils-iOS";
			productName = MYUtils;
			productReference = 91044B591EBA4096009824AD /* MYUtils.framework */;
			productType = "com.apple.product-type.framework";
		};
/* End PBXNativeTarget section */

/* Begin PBXProject section */
		91044B501EBA4096009824AD /* Project object */ = {
			isa = PBXProject;
			attributes = {
				LastSwiftUpdateCheck = 0830;
				LastUpgradeCheck = 0830;
				ORGANIZATIONNAME = Trenlab;
				TargetAttributes = {
					4E93053B1ED461AE0039510B = {
						CreatedOnToolsVersion = 8.3.2;
						ProvisioningStyle = Automatic;
					};
					4E9305481ED461CB0039510B = {
						CreatedOnToolsVersion = 8.3.2;
						ProvisioningStyle = Automatic;
					};
					4E9305641ED461F80039510B = {
						CreatedOnToolsVersion = 8.3.2;
						ProvisioningStyle = Automatic;
					};
					4E9307AA1ED62CE60039510B = {
						CreatedOnToolsVersion = 8.3.2;
						ProvisioningStyle = Automatic;
					};
					4E9307E21ED6E84E0039510B = {
						CreatedOnToolsVersion = 8.3.2;
						ProvisioningStyle = Automatic;
					};
					4E9307FD1ED6E8760039510B = {
						CreatedOnToolsVersion = 8.3.2;
						ProvisioningStyle = Automatic;
					};
					91044B581EBA4096009824AD = {
						CreatedOnToolsVersion = 8.3.2;
						LastSwiftMigration = 0830;
						ProvisioningStyle = Automatic;
					};
				};
			};
			buildConfigurationList = 91044B531EBA4096009824AD /* Build configuration list for PBXProject "MYUtils" */;
			compatibilityVersion = "Xcode 3.2";
			developmentRegion = English;
			hasScannedForEncodings = 0;
			knownRegions = (
				en,
				Base,
			);
			mainGroup = 91044B4F1EBA4096009824AD;
			productRefGroup = 91044B5A1EBA4096009824AD /* Products */;
			projectDirPath = "";
			projectRoot = "";
			targets = (
				91044B581EBA4096009824AD /* MYUtils-iOS */,
				4E9305641ED461F80039510B /* MYUtils-macOS */,
				4E93053B1ED461AE0039510B /* MYUtils-watchOS */,
				4E9305481ED461CB0039510B /* MYUtils-tvOS */,
				4E9307AA1ED62CE60039510B /* iOS-UnitTests */,
				4E9307E21ED6E84E0039510B /* tvOS-UnitTests */,
				4E9307FD1ED6E8760039510B /* macOS-UnitTests */,
			);
		};
/* End PBXProject section */

/* Begin PBXResourcesBuildPhase section */
		4E93053A1ED461AE0039510B /* Resources */ = {
			isa = PBXResourcesBuildPhase;
			buildActionMask = 2147483647;
			files = (
			);
			runOnlyForDeploymentPostprocessing = 0;
		};
		4E9305471ED461CB0039510B /* Resources */ = {
			isa = PBXResourcesBuildPhase;
			buildActionMask = 2147483647;
			files = (
			);
			runOnlyForDeploymentPostprocessing = 0;
		};
		4E9305631ED461F80039510B /* Resources */ = {
			isa = PBXResourcesBuildPhase;
			buildActionMask = 2147483647;
			files = (
			);
			runOnlyForDeploymentPostprocessing = 0;
		};
		4E9307A91ED62CE60039510B /* Resources */ = {
			isa = PBXResourcesBuildPhase;
			buildActionMask = 2147483647;
			files = (
			);
			runOnlyForDeploymentPostprocessing = 0;
		};
		4E9307E11ED6E84E0039510B /* Resources */ = {
			isa = PBXResourcesBuildPhase;
			buildActionMask = 2147483647;
			files = (
			);
			runOnlyForDeploymentPostprocessing = 0;
		};
		4E9307FC1ED6E8760039510B /* Resources */ = {
			isa = PBXResourcesBuildPhase;
			buildActionMask = 2147483647;
			files = (
			);
			runOnlyForDeploymentPostprocessing = 0;
		};
		91044B571EBA4096009824AD /* Resources */ = {
			isa = PBXResourcesBuildPhase;
			buildActionMask = 2147483647;
			files = (
			);
			runOnlyForDeploymentPostprocessing = 0;
		};
/* End PBXResourcesBuildPhase section */

/* Begin PBXSourcesBuildPhase section */
		4E9305371ED461AE0039510B /* Sources */ = {
			isa = PBXSourcesBuildPhase;
			buildActionMask = 2147483647;
			files = (
				4EADD6531F13FBDC00F7BCAB /* CGFloat+Extensions.swift in Sources */,
				4EADD6541F13FBDC00F7BCAB /* CGRect+Extensions.swift in Sources */,
				4EADD6551F13FBDC00F7BCAB /* Image+Extensions.swift in Sources */,
				4EADD6561F13FBDC00F7BCAB /* ImageTypes.swift in Sources */,
				4EADD6571F13FBDC00F7BCAB /* ImageView+Extensions.swift in Sources */,
				4EADD65A1F13FBDC00F7BCAB /* TableView+Extensions.swift in Sources */,
				4EADD6621F13FBDC00F7BCAB /* Cache.swift in Sources */,
				4EADD6631F13FBDC00F7BCAB /* Result.swift in Sources */,
				4EADD6641F13FBDC00F7BCAB /* Array+Extensions.swift in Sources */,
				4EADD6651F13FBDC00F7BCAB /* Dictionary+Extensions.swift in Sources */,
				4EADD6661F13FBDC00F7BCAB /* Double+Extensions.swift in Sources */,
				4EADD6671F13FBDC00F7BCAB /* Float+Extensions.swift in Sources */,
				4EADD6681F13FBDC00F7BCAB /* Int+Extensions.swift in Sources */,
				4EADD6691F13FBDC00F7BCAB /* NotificationCenter+Extensions.swift in Sources */,
				4EADD66A1F13FBDC00F7BCAB /* NSNumber+Extensions.swift in Sources */,
				4EADD66B1F13FBDC00F7BCAB /* OperationQueue+Extensions.swift in Sources */,
				4EADD66C1F13FBDC00F7BCAB /* String+Extensions.swift in Sources */,
				4EADD66D1F13FBDC00F7BCAB /* Timer+Extensions.swift in Sources */,
				4EADD66E1F13FBDC00F7BCAB /* UserDefaults+Extensions.swift in Sources */,
			);
			runOnlyForDeploymentPostprocessing = 0;
		};
		4E9305441ED461CB0039510B /* Sources */ = {
			isa = PBXSourcesBuildPhase;
			buildActionMask = 2147483647;
			files = (
				4EADD66F1F13FD7900F7BCAB /* DismissStoryboardSegue.swift in Sources */,
				4EADD6701F13FD7900F7BCAB /* HideStoryboardSegue.swift in Sources */,
				4EADD6711F13FD7900F7BCAB /* PopStoryboardSegue.swift in Sources */,
				4EADD6721F13FD7900F7BCAB /* ShowStoryboardSegue.swift in Sources */,
				4EADD6731F13FD7900F7BCAB /* StoryboardSegueTypes.swift in Sources */,
				4EADD6741F13FD7900F7BCAB /* CGFloat+Extensions.swift in Sources */,
				4EADD6751F13FD7900F7BCAB /* CGRect+Extensions.swift in Sources */,
				4EADD6761F13FD7900F7BCAB /* Image+Extensions.swift in Sources */,
				4EADD6771F13FD7900F7BCAB /* ImageTypes.swift in Sources */,
				4EADD6781F13FD7900F7BCAB /* ImageView+Extensions.swift in Sources */,
				4EADD6791F13FD7900F7BCAB /* ViewTypes.swift in Sources */,
				4EADD67A1F13FD7900F7BCAB /* CollectionView+Extensions.swift in Sources */,
				4EADD67B1F13FD7900F7BCAB /* ScrollView+Extensions.swift in Sources */,
				4EADD67C1F13FD7900F7BCAB /* TableView+Extensions.swift in Sources */,
				4EADD67D1F13FD7900F7BCAB /* View+Extensions.swift in Sources */,
				4EADD67F1F13FD7900F7BCAB /* Alert+Extensions.swift in Sources */,
				4EADD6801F13FD7900F7BCAB /* NavigationController+Extensions.swift in Sources */,
				4EADD6811F13FD7900F7BCAB /* ViewController+Extensions.swift in Sources */,
				4EADD6821F13FD7900F7BCAB /* ViewControllerTypes.swift in Sources */,
				4EADD6831F13FD7900F7BCAB /* Cache.swift in Sources */,
				4EADD6841F13FD7900F7BCAB /* Result.swift in Sources */,
				4EADD6851F13FD7900F7BCAB /* Array+Extensions.swift in Sources */,
				4EADD6861F13FD7900F7BCAB /* Dictionary+Extensions.swift in Sources */,
				4EADD6871F13FD7900F7BCAB /* Double+Extensions.swift in Sources */,
				4EADD6881F13FD7900F7BCAB /* Float+Extensions.swift in Sources */,
				4EADD6891F13FD7900F7BCAB /* Int+Extensions.swift in Sources */,
				4EADD68A1F13FD7900F7BCAB /* NotificationCenter+Extensions.swift in Sources */,
				4EADD68B1F13FD7900F7BCAB /* NSNumber+Extensions.swift in Sources */,
				4EADD68C1F13FD7900F7BCAB /* OperationQueue+Extensions.swift in Sources */,
				4EADD68D1F13FD7900F7BCAB /* String+Extensions.swift in Sources */,
				4EADD68E1F13FD7900F7BCAB /* Timer+Extensions.swift in Sources */,
				4EADD68F1F13FD7900F7BCAB /* UserDefaults+Extensions.swift in Sources */,
			);
			runOnlyForDeploymentPostprocessing = 0;
		};
		4E9305601ED461F80039510B /* Sources */ = {
			isa = PBXSourcesBuildPhase;
			buildActionMask = 2147483647;
			files = (
				4EADD62E1F13FB4500F7BCAB /* DismissStoryboardSegue.swift in Sources */,
				4EADD62F1F13FB4500F7BCAB /* HideStoryboardSegue.swift in Sources */,
				4EADD6301F13FB4500F7BCAB /* ShowStoryboardSegue.swift in Sources */,
				4EADD6311F13FB4500F7BCAB /* StoryboardSegueTypes.swift in Sources */,
				4EADD6321F13FB4500F7BCAB /* CGFloat+Extensions.swift in Sources */,
				4EADD6331F13FB4500F7BCAB /* CGRect+Extensions.swift in Sources */,
				4EADD6341F13FB4500F7BCAB /* Image+Extensions.swift in Sources */,
				4EADD6351F13FB4500F7BCAB /* ImageTypes.swift in Sources */,
				4EADD6361F13FB4500F7BCAB /* ImageView+Extensions.swift in Sources */,
				4EADD6371F13FB4500F7BCAB /* CollectionView+Extensions.swift in Sources */,
				4EADD6381F13FB4500F7BCAB /* ScrollView+Extensions.swift in Sources */,
				4EADD6391F13FB4500F7BCAB /* TableView+Extensions.swift in Sources */,
				4EADD63A1F13FB4500F7BCAB /* View+Extensions.swift in Sources */,
				4EADD63B1F13FB4500F7BCAB /* ViewTypes.swift in Sources */,
				4EADD63F1F13FB4500F7BCAB /* ViewController+Extensions.swift in Sources */,
				4EADD6401F13FB4500F7BCAB /* ViewControllerTypes.swift in Sources */,
				4EADD6411F13FB4500F7BCAB /* Cache.swift in Sources */,
				4EADD6421F13FB4500F7BCAB /* Result.swift in Sources */,
				4EADD6431F13FB4500F7BCAB /* Array+Extensions.swift in Sources */,
				4EADD6441F13FB4500F7BCAB /* Dictionary+Extensions.swift in Sources */,
				4EADD6451F13FB4500F7BCAB /* Double+Extensions.swift in Sources */,
				4EADD6461F13FB4500F7BCAB /* Float+Extensions.swift in Sources */,
				4EADD6471F13FB4500F7BCAB /* Int+Extensions.swift in Sources */,
				4EADD6481F13FB4500F7BCAB /* NotificationCenter+Extensions.swift in Sources */,
				4EADD6491F13FB4500F7BCAB /* NSNumber+Extensions.swift in Sources */,
				4EADD64A1F13FB4500F7BCAB /* OperationQueue+Extensions.swift in Sources */,
				4EADD64B1F13FB4500F7BCAB /* String+Extensions.swift in Sources */,
				4EADD64C1F13FB4500F7BCAB /* Timer+Extensions.swift in Sources */,
				4EADD64D1F13FB4500F7BCAB /* UserDefaults+Extensions.swift in Sources */,
			);
			runOnlyForDeploymentPostprocessing = 0;
		};
		4E9307A71ED62CE60039510B /* Sources */ = {
			isa = PBXSourcesBuildPhase;
			buildActionMask = 2147483647;
			files = (
				4E9046871EE1A76000B950D5 /* CGRectExtensionsTests.swift in Sources */,
				4E9308C91ED730FE0039510B /* ResultTest.swift in Sources */,
				4E3887831EDD85CE007502E0 /* ArrayExtensionsTest.swift in Sources */,
				4ECCF4F71EDE05BF00A80933 /* TimerExtensionsTest.swift in Sources */,
				4E1B59C91EE57F48002F3D1A /* FloatExtensionsTests.swift in Sources */,
				4E1B59CD1EE580E4002F3D1A /* IntExtensionsTests.swift in Sources */,
				4E9308C51ED712AF0039510B /* CacheTest.swift in Sources */,
				4ECCF4FB1EDE232100A80933 /* UserDefaultsExtensionsTest.swift in Sources */,
				4E3887871EDD9BE3007502E0 /* DictionaryExtensionsTest.swift in Sources */,
				4E3887971EDDD5C1007502E0 /* StringExtensionsTest.swift in Sources */,
				4E1B59C51EE575C6002F3D1A /* DoubleExtensionsTests.swift in Sources */,
				4E38878F1EDDB82E007502E0 /* NumberExtensionsTest.swift in Sources */,
				4E38878B1EDDABDF007502E0 /* NotificationCenterExtensionsTest.swift in Sources */,
				4E3887931EDDBB05007502E0 /* OperationQueueExtensionsTest.swift in Sources */,
				4E1B59D41EE585ED002F3D1A /* CGFloatExtensionsTests.swift in Sources */,
			);
			runOnlyForDeploymentPostprocessing = 0;
		};
		4E9307DF1ED6E84E0039510B /* Sources */ = {
			isa = PBXSourcesBuildPhase;
			buildActionMask = 2147483647;
			files = (
				4E1B59CE1EE580E4002F3D1A /* IntExtensionsTests.swift in Sources */,
				4E9308CA1ED730FE0039510B /* ResultTest.swift in Sources */,
				4E3887841EDD85D0007502E0 /* ArrayExtensionsTest.swift in Sources */,
				4ECCF4F81EDE05BF00A80933 /* TimerExtensionsTest.swift in Sources */,
				4E9308C61ED712B50039510B /* CacheTest.swift in Sources */,
				4ECCF4FC1EDE232100A80933 /* UserDefaultsExtensionsTest.swift in Sources */,
				4E1B59D51EE585F8002F3D1A /* CGFloatExtensionsTests.swift in Sources */,
				4E3887881EDD9BE3007502E0 /* DictionaryExtensionsTest.swift in Sources */,
				4E3887981EDDD5C1007502E0 /* StringExtensionsTest.swift in Sources */,
				4E1B59C61EE575C6002F3D1A /* DoubleExtensionsTests.swift in Sources */,
				4E3887901EDDB82E007502E0 /* NumberExtensionsTest.swift in Sources */,
				4E38878C1EDDABDF007502E0 /* NotificationCenterExtensionsTest.swift in Sources */,
				4E1B59CA1EE57F48002F3D1A /* FloatExtensionsTests.swift in Sources */,
				4E3887941EDDBB05007502E0 /* OperationQueueExtensionsTest.swift in Sources */,
			);
			runOnlyForDeploymentPostprocessing = 0;
		};
		4E9307FA1ED6E8760039510B /* Sources */ = {
			isa = PBXSourcesBuildPhase;
			buildActionMask = 2147483647;
			files = (
				4E1B59CF1EE580E4002F3D1A /* IntExtensionsTests.swift in Sources */,
				4E9308CB1ED730FE0039510B /* ResultTest.swift in Sources */,
				4E3887851EDD85D3007502E0 /* ArrayExtensionsTest.swift in Sources */,
				4ECCF4F91EDE05BF00A80933 /* TimerExtensionsTest.swift in Sources */,
				4E9308C71ED712B80039510B /* CacheTest.swift in Sources */,
				4ECCF4FD1EDE232100A80933 /* UserDefaultsExtensionsTest.swift in Sources */,
				4E1B59D61EE585FE002F3D1A /* CGFloatExtensionsTests.swift in Sources */,
				4E3887891EDD9BE3007502E0 /* DictionaryExtensionsTest.swift in Sources */,
				4E3887991EDDD5C1007502E0 /* StringExtensionsTest.swift in Sources */,
				4E1B59C71EE575C6002F3D1A /* DoubleExtensionsTests.swift in Sources */,
				4E3887911EDDB82E007502E0 /* NumberExtensionsTest.swift in Sources */,
				4E38878D1EDDABDF007502E0 /* NotificationCenterExtensionsTest.swift in Sources */,
				4E1B59CB1EE57F48002F3D1A /* FloatExtensionsTests.swift in Sources */,
				4E3887951EDDBB05007502E0 /* OperationQueueExtensionsTest.swift in Sources */,
			);
			runOnlyForDeploymentPostprocessing = 0;
		};
		91044B541EBA4096009824AD /* Sources */ = {
			isa = PBXSourcesBuildPhase;
			buildActionMask = 2147483647;
			files = (
				4EADD6111F13D13E00F7BCAB /* UserDefaults+Extensions.swift in Sources */,
				4EADD6241F13D13E00F7BCAB /* View+Extensions.swift in Sources */,
				4EADD62A1F13D13E00F7BCAB /* ViewControllerTypes.swift in Sources */,
				4EADD6251F13D13E00F7BCAB /* ViewTypes.swift in Sources */,
				4EADD6061F13D13E00F7BCAB /* Result.swift in Sources */,
				4EADD6271F13D13E00F7BCAB /* Alert+Extensions.swift in Sources */,
				4EADD6101F13D13E00F7BCAB /* Timer+Extensions.swift in Sources */,
				4EADD61E1F13D13E00F7BCAB /* Image+Extensions.swift in Sources */,
				4EADD6211F13D13E00F7BCAB /* CollectionView+Extensions.swift in Sources */,
				4EADD60F1F13D13E00F7BCAB /* String+Extensions.swift in Sources */,
				4EADD6191F13D13E00F7BCAB /* PopStoryboardSegue.swift in Sources */,
				4EADD61C1F13D13E00F7BCAB /* CGFloat+Extensions.swift in Sources */,
				4EADD60C1F13D13E00F7BCAB /* NotificationCenter+Extensions.swift in Sources */,
				4EADD6181F13D13E00F7BCAB /* HideStoryboardSegue.swift in Sources */,
				4EADD6071F13D13E00F7BCAB /* Array+Extensions.swift in Sources */,
				4EADD61D1F13D13E00F7BCAB /* CGRect+Extensions.swift in Sources */,
				4EADD61B1F13D13E00F7BCAB /* StoryboardSegueTypes.swift in Sources */,
				4EADD6051F13D13E00F7BCAB /* Cache.swift in Sources */,
				4EADD61F1F13D13E00F7BCAB /* ImageTypes.swift in Sources */,
				4EADD6281F13D13E00F7BCAB /* NavigationController+Extensions.swift in Sources */,
				4EADD6201F13D13E00F7BCAB /* ImageView+Extensions.swift in Sources */,
				4EADD6291F13D13E00F7BCAB /* ViewController+Extensions.swift in Sources */,
				4EADD6081F13D13E00F7BCAB /* Dictionary+Extensions.swift in Sources */,
				4EADD6231F13D13E00F7BCAB /* TableView+Extensions.swift in Sources */,
				4EADD60B1F13D13E00F7BCAB /* Int+Extensions.swift in Sources */,
				4EADD60D1F13D13E00F7BCAB /* NSNumber+Extensions.swift in Sources */,
				4EADD60A1F13D13E00F7BCAB /* Float+Extensions.swift in Sources */,
				4EADD6171F13D13E00F7BCAB /* DismissStoryboardSegue.swift in Sources */,
				4EADD6221F13D13E00F7BCAB /* ScrollView+Extensions.swift in Sources */,
				4EADD6261F13D13E00F7BCAB /* ActivityViewController+Extensions.swift in Sources */,
				4EADD6091F13D13E00F7BCAB /* Double+Extensions.swift in Sources */,
				4EADD60E1F13D13E00F7BCAB /* OperationQueue+Extensions.swift in Sources */,
				4EADD61A1F13D13E00F7BCAB /* ShowStoryboardSegue.swift in Sources */,
			);
			runOnlyForDeploymentPostprocessing = 0;
		};
/* End PBXSourcesBuildPhase section */

/* Begin PBXTargetDependency section */
		4E9307EA1ED6E84E0039510B /* PBXTargetDependency */ = {
			isa = PBXTargetDependency;
			target = 4E9305481ED461CB0039510B /* MYUtils-tvOS */;
			targetProxy = 4E9307E91ED6E84E0039510B /* PBXContainerItemProxy */;
		};
		4E9308051ED6E8760039510B /* PBXTargetDependency */ = {
			isa = PBXTargetDependency;
			target = 4E9305641ED461F80039510B /* MYUtils-macOS */;
			targetProxy = 4E9308041ED6E8760039510B /* PBXContainerItemProxy */;
		};
/* End PBXTargetDependency section */

/* Begin XCBuildConfiguration section */
		4E9305421ED461AE0039510B /* Debug */ = {
			isa = XCBuildConfiguration;
			buildSettings = {
				APPLICATION_EXTENSION_API_ONLY = YES;
				CODE_SIGN_IDENTITY = "";
				DEFINES_MODULE = YES;
				DYLIB_COMPATIBILITY_VERSION = 1;
				DYLIB_CURRENT_VERSION = 1;
				DYLIB_INSTALL_NAME_BASE = "@rpath";
				ENABLE_TESTABILITY = YES;
				INFOPLIST_FILE = "$(SRCROOT)/Source/SupportedFiles/Info-watchOS.plist";
				INSTALL_PATH = "$(LOCAL_LIBRARY_DIR)/Frameworks";
				LD_RUNPATH_SEARCH_PATHS = "$(inherited) @executable_path/Frameworks @loader_path/Frameworks";
				PRODUCT_BUNDLE_IDENTIFIER = "com.damonthecricket.my-utils";
				PRODUCT_NAME = MYUtils;
				SDKROOT = watchos;
				SKIP_INSTALL = YES;
				SWIFT_VERSION = 3.0;
				TARGETED_DEVICE_FAMILY = 4;
				WATCHOS_DEPLOYMENT_TARGET = 2.0;
			};
			name = Debug;
		};
		4E9305431ED461AE0039510B /* Release */ = {
			isa = XCBuildConfiguration;
			buildSettings = {
				APPLICATION_EXTENSION_API_ONLY = YES;
				CODE_SIGN_IDENTITY = "";
				DEFINES_MODULE = YES;
				DYLIB_COMPATIBILITY_VERSION = 1;
				DYLIB_CURRENT_VERSION = 1;
				DYLIB_INSTALL_NAME_BASE = "@rpath";
				ENABLE_TESTABILITY = NO;
				INFOPLIST_FILE = "$(SRCROOT)/Source/SupportedFiles/Info-watchOS.plist";
				INSTALL_PATH = "$(LOCAL_LIBRARY_DIR)/Frameworks";
				LD_RUNPATH_SEARCH_PATHS = "$(inherited) @executable_path/Frameworks @loader_path/Frameworks";
				PRODUCT_BUNDLE_IDENTIFIER = "com.damonthecricket.my-utils";
				PRODUCT_NAME = MYUtils;
				SDKROOT = watchos;
				SKIP_INSTALL = YES;
				SWIFT_VERSION = 3.0;
				TARGETED_DEVICE_FAMILY = 4;
				WATCHOS_DEPLOYMENT_TARGET = 2.0;
			};
			name = Release;
		};
		4E93055B1ED461CC0039510B /* Debug */ = {
			isa = XCBuildConfiguration;
			buildSettings = {
				APPLICATION_EXTENSION_API_ONLY = YES;
				CODE_SIGN_IDENTITY = "";
				DEFINES_MODULE = YES;
				DYLIB_COMPATIBILITY_VERSION = 1;
				DYLIB_CURRENT_VERSION = 1;
				DYLIB_INSTALL_NAME_BASE = "@rpath";
				ENABLE_TESTABILITY = YES;
				INFOPLIST_FILE = "$(SRCROOT)/Source/SupportedFiles/Info-tvOS.plist";
				INSTALL_PATH = "$(LOCAL_LIBRARY_DIR)/Frameworks";
				LD_RUNPATH_SEARCH_PATHS = "$(inherited) @executable_path/Frameworks @loader_path/Frameworks";
				PRODUCT_BUNDLE_IDENTIFIER = "com.damonthecricket.my-utils";
				PRODUCT_NAME = MYUtils;
				SDKROOT = appletvos;
				SKIP_INSTALL = YES;
				SWIFT_VERSION = 3.0;
				TARGETED_DEVICE_FAMILY = 3;
				TVOS_DEPLOYMENT_TARGET = 9.0;
			};
			name = Debug;
		};
		4E93055C1ED461CC0039510B /* Release */ = {
			isa = XCBuildConfiguration;
			buildSettings = {
				APPLICATION_EXTENSION_API_ONLY = YES;
				CODE_SIGN_IDENTITY = "";
				DEFINES_MODULE = YES;
				DYLIB_COMPATIBILITY_VERSION = 1;
				DYLIB_CURRENT_VERSION = 1;
				DYLIB_INSTALL_NAME_BASE = "@rpath";
				ENABLE_TESTABILITY = NO;
				INFOPLIST_FILE = "$(SRCROOT)/Source/SupportedFiles/Info-tvOS.plist";
				INSTALL_PATH = "$(LOCAL_LIBRARY_DIR)/Frameworks";
				LD_RUNPATH_SEARCH_PATHS = "$(inherited) @executable_path/Frameworks @loader_path/Frameworks";
				PRODUCT_BUNDLE_IDENTIFIER = "com.damonthecricket.my-utils";
				PRODUCT_NAME = MYUtils;
				SDKROOT = appletvos;
				SKIP_INSTALL = YES;
				SWIFT_VERSION = 3.0;
				TARGETED_DEVICE_FAMILY = 3;
				TVOS_DEPLOYMENT_TARGET = 9.0;
			};
			name = Release;
		};
		4E9305771ED461F80039510B /* Debug */ = {
			isa = XCBuildConfiguration;
			buildSettings = {
				APPLICATION_EXTENSION_API_ONLY = YES;
				CODE_SIGN_IDENTITY = "-";
				COMBINE_HIDPI_IMAGES = YES;
				DEFINES_MODULE = YES;
				DYLIB_COMPATIBILITY_VERSION = 1;
				DYLIB_CURRENT_VERSION = 1;
				DYLIB_INSTALL_NAME_BASE = "@rpath";
				ENABLE_TESTABILITY = YES;
				FRAMEWORK_VERSION = A;
				INFOPLIST_FILE = "$(SRCROOT)/Source/SupportedFiles/Info-macOS.plist";
				INSTALL_PATH = "$(LOCAL_LIBRARY_DIR)/Frameworks";
				LD_RUNPATH_SEARCH_PATHS = "$(inherited) @executable_path/../Frameworks @loader_path/Frameworks";
				MACOSX_DEPLOYMENT_TARGET = 10.10;
				PRODUCT_BUNDLE_IDENTIFIER = "com.damonthecricket.my-utils";
				PRODUCT_NAME = MYUtils;
				SDKROOT = macosx;
				SKIP_INSTALL = YES;
				SWIFT_VERSION = 3.0;
			};
			name = Debug;
		};
		4E9305781ED461F80039510B /* Release */ = {
			isa = XCBuildConfiguration;
			buildSettings = {
				APPLICATION_EXTENSION_API_ONLY = YES;
				CODE_SIGN_IDENTITY = "-";
				COMBINE_HIDPI_IMAGES = YES;
				DEFINES_MODULE = YES;
				DYLIB_COMPATIBILITY_VERSION = 1;
				DYLIB_CURRENT_VERSION = 1;
				DYLIB_INSTALL_NAME_BASE = "@rpath";
				ENABLE_TESTABILITY = NO;
				FRAMEWORK_VERSION = A;
				INFOPLIST_FILE = "$(SRCROOT)/Source/SupportedFiles/Info-macOS.plist";
				INSTALL_PATH = "$(LOCAL_LIBRARY_DIR)/Frameworks";
				LD_RUNPATH_SEARCH_PATHS = "$(inherited) @executable_path/../Frameworks @loader_path/Frameworks";
				MACOSX_DEPLOYMENT_TARGET = 10.10;
				PRODUCT_BUNDLE_IDENTIFIER = "com.damonthecricket.my-utils";
				PRODUCT_NAME = MYUtils;
				SDKROOT = macosx;
				SKIP_INSTALL = YES;
				SWIFT_VERSION = 3.0;
			};
			name = Release;
		};
		4E9307B41ED62CE60039510B /* Debug */ = {
			isa = XCBuildConfiguration;
			buildSettings = {
				INFOPLIST_FILE = "$(SRCROOT)/UnitTests/SupportedFiles/Info-iOSUnitTests.plist";
				IPHONEOS_DEPLOYMENT_TARGET = 8.0;
				LD_RUNPATH_SEARCH_PATHS = "$(inherited) @executable_path/Frameworks @loader_path/Frameworks";
				PRODUCT_BUNDLE_IDENTIFIER = "com.damonthecricket.iOS-Test";
				PRODUCT_NAME = "$(TARGET_NAME)";
				SWIFT_VERSION = 3.0;
				TVOS_DEPLOYMENT_TARGET = 9.0;
				WATCHOS_DEPLOYMENT_TARGET = 2.0;
			};
			name = Debug;
		};
		4E9307B51ED62CE60039510B /* Release */ = {
			isa = XCBuildConfiguration;
			buildSettings = {
				INFOPLIST_FILE = "$(SRCROOT)/UnitTests/SupportedFiles/Info-iOSUnitTests.plist";
				IPHONEOS_DEPLOYMENT_TARGET = 8.0;
				LD_RUNPATH_SEARCH_PATHS = "$(inherited) @executable_path/Frameworks @loader_path/Frameworks";
				PRODUCT_BUNDLE_IDENTIFIER = "com.damonthecricket.iOS-Test";
				PRODUCT_NAME = "$(TARGET_NAME)";
				SWIFT_VERSION = 3.0;
				TVOS_DEPLOYMENT_TARGET = 9.0;
				WATCHOS_DEPLOYMENT_TARGET = 2.0;
			};
			name = Release;
		};
		4E9307EC1ED6E84E0039510B /* Debug */ = {
			isa = XCBuildConfiguration;
			buildSettings = {
				ALWAYS_EMBED_SWIFT_STANDARD_LIBRARIES = YES;
				INFOPLIST_FILE = "$(SRCROOT)/UnitTests/SupportedFiles/Info-tvOSUnitTests.plist";
				LD_RUNPATH_SEARCH_PATHS = "$(inherited) @executable_path/Frameworks @loader_path/Frameworks";
				PRODUCT_BUNDLE_IDENTIFIER = "com.damonthecricket.tvOS-UnitTests";
				PRODUCT_NAME = "$(TARGET_NAME)";
				SDKROOT = appletvos;
				SWIFT_VERSION = 3.0;
				TVOS_DEPLOYMENT_TARGET = 9.0;
				WATCHOS_DEPLOYMENT_TARGET = 2.0;
			};
			name = Debug;
		};
		4E9307ED1ED6E84E0039510B /* Release */ = {
			isa = XCBuildConfiguration;
			buildSettings = {
				ALWAYS_EMBED_SWIFT_STANDARD_LIBRARIES = YES;
				INFOPLIST_FILE = "$(SRCROOT)/UnitTests/SupportedFiles/Info-tvOSUnitTests.plist";
				LD_RUNPATH_SEARCH_PATHS = "$(inherited) @executable_path/Frameworks @loader_path/Frameworks";
				PRODUCT_BUNDLE_IDENTIFIER = "com.damonthecricket.tvOS-UnitTests";
				PRODUCT_NAME = "$(TARGET_NAME)";
				SDKROOT = appletvos;
				SWIFT_VERSION = 3.0;
				TVOS_DEPLOYMENT_TARGET = 9.0;
				WATCHOS_DEPLOYMENT_TARGET = 2.0;
			};
			name = Release;
		};
		4E9308071ED6E8760039510B /* Debug */ = {
			isa = XCBuildConfiguration;
			buildSettings = {
				ALWAYS_EMBED_SWIFT_STANDARD_LIBRARIES = YES;
				CODE_SIGN_IDENTITY = "-";
				COMBINE_HIDPI_IMAGES = YES;
				INFOPLIST_FILE = "$(SRCROOT)/UnitTests/SupportedFiles/Info-macOSUnitTests.plist";
				LD_RUNPATH_SEARCH_PATHS = "$(inherited) @executable_path/../Frameworks @loader_path/../Frameworks";
				MACOSX_DEPLOYMENT_TARGET = 10.12;
				PRODUCT_BUNDLE_IDENTIFIER = "com.damonthecricket.macOS-UnitTests";
				PRODUCT_NAME = "$(TARGET_NAME)";
				SDKROOT = macosx;
				SWIFT_VERSION = 3.0;
				TVOS_DEPLOYMENT_TARGET = 9.0;
				WATCHOS_DEPLOYMENT_TARGET = 2.0;
			};
			name = Debug;
		};
		4E9308081ED6E8760039510B /* Release */ = {
			isa = XCBuildConfiguration;
			buildSettings = {
				ALWAYS_EMBED_SWIFT_STANDARD_LIBRARIES = YES;
				CODE_SIGN_IDENTITY = "-";
				COMBINE_HIDPI_IMAGES = YES;
				INFOPLIST_FILE = "$(SRCROOT)/UnitTests/SupportedFiles/Info-macOSUnitTests.plist";
				LD_RUNPATH_SEARCH_PATHS = "$(inherited) @executable_path/../Frameworks @loader_path/../Frameworks";
				MACOSX_DEPLOYMENT_TARGET = 10.12;
				PRODUCT_BUNDLE_IDENTIFIER = "com.damonthecricket.macOS-UnitTests";
				PRODUCT_NAME = "$(TARGET_NAME)";
				SDKROOT = macosx;
				SWIFT_VERSION = 3.0;
				TVOS_DEPLOYMENT_TARGET = 9.0;
				WATCHOS_DEPLOYMENT_TARGET = 2.0;
			};
			name = Release;
		};
		91044B6B1EBA4097009824AD /* Debug */ = {
			isa = XCBuildConfiguration;
			buildSettings = {
				ALWAYS_SEARCH_USER_PATHS = NO;
				CLANG_ANALYZER_NONNULL = YES;
				CLANG_ANALYZER_NUMBER_OBJECT_CONVERSION = YES_AGGRESSIVE;
				CLANG_CXX_LANGUAGE_STANDARD = "gnu++0x";
				CLANG_CXX_LIBRARY = "libc++";
				CLANG_ENABLE_MODULES = YES;
				CLANG_ENABLE_OBJC_ARC = YES;
				CLANG_WARN_BOOL_CONVERSION = YES;
				CLANG_WARN_CONSTANT_CONVERSION = YES;
				CLANG_WARN_DIRECT_OBJC_ISA_USAGE = YES_ERROR;
				CLANG_WARN_DOCUMENTATION_COMMENTS = YES;
				CLANG_WARN_EMPTY_BODY = YES;
				CLANG_WARN_ENUM_CONVERSION = YES;
				CLANG_WARN_INFINITE_RECURSION = YES;
				CLANG_WARN_INT_CONVERSION = YES;
				CLANG_WARN_OBJC_ROOT_CLASS = YES_ERROR;
				CLANG_WARN_SUSPICIOUS_MOVE = YES;
				CLANG_WARN_UNREACHABLE_CODE = YES;
				CLANG_WARN__DUPLICATE_METHOD_MATCH = YES;
				"CODE_SIGN_IDENTITY[sdk=iphoneos*]" = "iPhone Developer";
				COPY_PHASE_STRIP = NO;
				CURRENT_PROJECT_VERSION = 1;
				DEBUG_INFORMATION_FORMAT = dwarf;
				DEFINES_MODULE = YES;
				ENABLE_STRICT_OBJC_MSGSEND = YES;
				ENABLE_TESTABILITY = YES;
				GCC_C_LANGUAGE_STANDARD = gnu99;
				GCC_DYNAMIC_NO_PIC = NO;
				GCC_NO_COMMON_BLOCKS = YES;
				GCC_OPTIMIZATION_LEVEL = 0;
				GCC_PREPROCESSOR_DEFINITIONS = (
					"DEBUG=1",
					"$(inherited)",
				);
				GCC_WARN_64_TO_32_BIT_CONVERSION = YES;
				GCC_WARN_ABOUT_RETURN_TYPE = YES_ERROR;
				GCC_WARN_UNDECLARED_SELECTOR = YES;
				GCC_WARN_UNINITIALIZED_AUTOS = YES_AGGRESSIVE;
				GCC_WARN_UNUSED_FUNCTION = YES;
				GCC_WARN_UNUSED_VARIABLE = YES;
				IPHONEOS_DEPLOYMENT_TARGET = 8.0;
				MACOSX_DEPLOYMENT_TARGET = 10.10;
				MTL_ENABLE_DEBUG_INFO = YES;
				ONLY_ACTIVE_ARCH = YES;
				SDKROOT = iphoneos;
				SWIFT_ACTIVE_COMPILATION_CONDITIONS = DEBUG;
				SWIFT_OPTIMIZATION_LEVEL = "-Onone";
				TARGETED_DEVICE_FAMILY = "1,2";
				VERSIONING_SYSTEM = "apple-generic";
				VERSION_INFO_PREFIX = "";
			};
			name = Debug;
		};
		91044B6C1EBA4097009824AD /* Release */ = {
			isa = XCBuildConfiguration;
			buildSettings = {
				ALWAYS_SEARCH_USER_PATHS = NO;
				CLANG_ANALYZER_NONNULL = YES;
				CLANG_ANALYZER_NUMBER_OBJECT_CONVERSION = YES_AGGRESSIVE;
				CLANG_CXX_LANGUAGE_STANDARD = "gnu++0x";
				CLANG_CXX_LIBRARY = "libc++";
				CLANG_ENABLE_MODULES = YES;
				CLANG_ENABLE_OBJC_ARC = YES;
				CLANG_WARN_BOOL_CONVERSION = YES;
				CLANG_WARN_CONSTANT_CONVERSION = YES;
				CLANG_WARN_DIRECT_OBJC_ISA_USAGE = YES_ERROR;
				CLANG_WARN_DOCUMENTATION_COMMENTS = YES;
				CLANG_WARN_EMPTY_BODY = YES;
				CLANG_WARN_ENUM_CONVERSION = YES;
				CLANG_WARN_INFINITE_RECURSION = YES;
				CLANG_WARN_INT_CONVERSION = YES;
				CLANG_WARN_OBJC_ROOT_CLASS = YES_ERROR;
				CLANG_WARN_SUSPICIOUS_MOVE = YES;
				CLANG_WARN_UNREACHABLE_CODE = YES;
				CLANG_WARN__DUPLICATE_METHOD_MATCH = YES;
				"CODE_SIGN_IDENTITY[sdk=iphoneos*]" = "iPhone Developer";
				COPY_PHASE_STRIP = NO;
				CURRENT_PROJECT_VERSION = 1;
				DEBUG_INFORMATION_FORMAT = "dwarf-with-dsym";
				DEFINES_MODULE = YES;
				ENABLE_NS_ASSERTIONS = NO;
				ENABLE_STRICT_OBJC_MSGSEND = YES;
				GCC_C_LANGUAGE_STANDARD = gnu99;
				GCC_NO_COMMON_BLOCKS = YES;
				GCC_WARN_64_TO_32_BIT_CONVERSION = YES;
				GCC_WARN_ABOUT_RETURN_TYPE = YES_ERROR;
				GCC_WARN_UNDECLARED_SELECTOR = YES;
				GCC_WARN_UNINITIALIZED_AUTOS = YES_AGGRESSIVE;
				GCC_WARN_UNUSED_FUNCTION = YES;
				GCC_WARN_UNUSED_VARIABLE = YES;
				IPHONEOS_DEPLOYMENT_TARGET = 8.0;
				MACOSX_DEPLOYMENT_TARGET = 10.10;
				MTL_ENABLE_DEBUG_INFO = NO;
				SDKROOT = iphoneos;
				SWIFT_OPTIMIZATION_LEVEL = "-Owholemodule";
				TARGETED_DEVICE_FAMILY = "1,2";
				VALIDATE_PRODUCT = YES;
				VERSIONING_SYSTEM = "apple-generic";
				VERSION_INFO_PREFIX = "";
			};
			name = Release;
		};
		91044B6E1EBA4097009824AD /* Debug */ = {
			isa = XCBuildConfiguration;
			buildSettings = {
				APPLICATION_EXTENSION_API_ONLY = YES;
				CLANG_ENABLE_MODULES = YES;
				CODE_SIGN_IDENTITY = "";
				"CODE_SIGN_IDENTITY[sdk=iphoneos*]" = "iPhone Developer";
				DEFINES_MODULE = YES;
				DYLIB_COMPATIBILITY_VERSION = 1;
				DYLIB_CURRENT_VERSION = 1;
				DYLIB_INSTALL_NAME_BASE = "@rpath";
				INFOPLIST_FILE = "$(SRCROOT)/Source/SupportedFiles/Info-iOS.plist";
				INSTALL_PATH = "$(LOCAL_LIBRARY_DIR)/Frameworks";
				IPHONEOS_DEPLOYMENT_TARGET = 8.0;
				LD_RUNPATH_SEARCH_PATHS = "$(inherited) @executable_path/Frameworks @loader_path/Frameworks";
				PRODUCT_BUNDLE_IDENTIFIER = "com.damonthecricket.my-utils";
				PRODUCT_NAME = MYUtils;
				PROVISIONING_PROFILE_SPECIFIER = "";
				SKIP_INSTALL = YES;
				SWIFT_OPTIMIZATION_LEVEL = "-Onone";
				SWIFT_VERSION = 3.0;
			};
			name = Debug;
		};
		91044B6F1EBA4097009824AD /* Release */ = {
			isa = XCBuildConfiguration;
			buildSettings = {
				APPLICATION_EXTENSION_API_ONLY = YES;
				CLANG_ENABLE_MODULES = YES;
				CODE_SIGN_IDENTITY = "";
				"CODE_SIGN_IDENTITY[sdk=iphoneos*]" = "iPhone Developer";
				DEFINES_MODULE = YES;
				DYLIB_COMPATIBILITY_VERSION = 1;
				DYLIB_CURRENT_VERSION = 1;
				DYLIB_INSTALL_NAME_BASE = "@rpath";
				ENABLE_TESTABILITY = NO;
				INFOPLIST_FILE = "$(SRCROOT)/Source/SupportedFiles/Info-iOS.plist";
				INSTALL_PATH = "$(LOCAL_LIBRARY_DIR)/Frameworks";
				IPHONEOS_DEPLOYMENT_TARGET = 8.0;
				LD_RUNPATH_SEARCH_PATHS = "$(inherited) @executable_path/Frameworks @loader_path/Frameworks";
				PRODUCT_BUNDLE_IDENTIFIER = "com.damonthecricket.my-utils";
				PRODUCT_NAME = MYUtils;
				PROVISIONING_PROFILE_SPECIFIER = "";
				SKIP_INSTALL = YES;
				SWIFT_VERSION = 3.0;
			};
			name = Release;
		};
/* End XCBuildConfiguration section */

/* Begin XCConfigurationList section */
		4E9305411ED461AE0039510B /* Build configuration list for PBXNativeTarget "MYUtils-watchOS" */ = {
			isa = XCConfigurationList;
			buildConfigurations = (
				4E9305421ED461AE0039510B /* Debug */,
				4E9305431ED461AE0039510B /* Release */,
			);
			defaultConfigurationIsVisible = 0;
			defaultConfigurationName = Release;
		};
		4E93055A1ED461CC0039510B /* Build configuration list for PBXNativeTarget "MYUtils-tvOS" */ = {
			isa = XCConfigurationList;
			buildConfigurations = (
				4E93055B1ED461CC0039510B /* Debug */,
				4E93055C1ED461CC0039510B /* Release */,
			);
			defaultConfigurationIsVisible = 0;
			defaultConfigurationName = Release;
		};
		4E9305761ED461F80039510B /* Build configuration list for PBXNativeTarget "MYUtils-macOS" */ = {
			isa = XCConfigurationList;
			buildConfigurations = (
				4E9305771ED461F80039510B /* Debug */,
				4E9305781ED461F80039510B /* Release */,
			);
			defaultConfigurationIsVisible = 0;
			defaultConfigurationName = Release;
		};
		4E9307B31ED62CE60039510B /* Build configuration list for PBXNativeTarget "iOS-UnitTests" */ = {
			isa = XCConfigurationList;
			buildConfigurations = (
				4E9307B41ED62CE60039510B /* Debug */,
				4E9307B51ED62CE60039510B /* Release */,
			);
			defaultConfigurationIsVisible = 0;
			defaultConfigurationName = Release;
		};
		4E9307EB1ED6E84E0039510B /* Build configuration list for PBXNativeTarget "tvOS-UnitTests" */ = {
			isa = XCConfigurationList;
			buildConfigurations = (
				4E9307EC1ED6E84E0039510B /* Debug */,
				4E9307ED1ED6E84E0039510B /* Release */,
			);
			defaultConfigurationIsVisible = 0;
			defaultConfigurationName = Release;
		};
		4E9308061ED6E8760039510B /* Build configuration list for PBXNativeTarget "macOS-UnitTests" */ = {
			isa = XCConfigurationList;
			buildConfigurations = (
				4E9308071ED6E8760039510B /* Debug */,
				4E9308081ED6E8760039510B /* Release */,
			);
			defaultConfigurationIsVisible = 0;
			defaultConfigurationName = Release;
		};
		91044B531EBA4096009824AD /* Build configuration list for PBXProject "MYUtils" */ = {
			isa = XCConfigurationList;
			buildConfigurations = (
				91044B6B1EBA4097009824AD /* Debug */,
				91044B6C1EBA4097009824AD /* Release */,
			);
			defaultConfigurationIsVisible = 0;
			defaultConfigurationName = Release;
		};
		91044B6D1EBA4097009824AD /* Build configuration list for PBXNativeTarget "MYUtils-iOS" */ = {
			isa = XCConfigurationList;
			buildConfigurations = (
				91044B6E1EBA4097009824AD /* Debug */,
				91044B6F1EBA4097009824AD /* Release */,
			);
			defaultConfigurationIsVisible = 0;
			defaultConfigurationName = Release;
		};
/* End XCConfigurationList section */
	};
	rootObject = 91044B501EBA4096009824AD /* Project object */;
}
